<?xml version="1.0" encoding="utf-8"?>
<Project ToolsVersion="4.0" xmlns="http://schemas.microsoft.com/developer/msbuild/2003">
  <ItemGroup>
    <ClCompile Include="test-console.cpp" />
    <ClCompile Include="..\boost\libs\system\src\error_code.cpp">
      <Filter>boost</Filter>
    </ClCompile>
    <ClCompile Include="..\client\CFlyProfiler.cpp" />
    <ClCompile Include="..\boost\libs\iostreams\src\mapped_file.cpp">
      <Filter>boost</Filter>
    </ClCompile>
    <ClCompile Include="..\boost\libs\filesystem\src\path.cpp">
      <Filter>boost</Filter>
    </ClCompile>
    <ClCompile Include="..\boost\libs\filesystem\src\codecvt_error_category.cpp">
      <Filter>boost</Filter>
    </ClCompile>
    <ClCompile Include="..\boost\libs\filesystem\src\operations.cpp">
      <Filter>boost</Filter>
    </ClCompile>
    <ClCompile Include="..\boost\libs\filesystem\src\path_traits.cpp">
      <Filter>boost</Filter>
    </ClCompile>
    <ClCompile Include="..\boost\libs\filesystem\src\portability.cpp">
      <Filter>boost</Filter>
    </ClCompile>
    <ClCompile Include="..\boost\libs\filesystem\src\unique_path.cpp">
      <Filter>boost</Filter>
    </ClCompile>
    <ClCompile Include="..\boost\libs\filesystem\src\utf8_codecvt_facet.cpp">
      <Filter>boost</Filter>
    </ClCompile>
    <ClCompile Include="..\boost\libs\filesystem\src\windows_file_codecvt.cpp">
      <Filter>boost</Filter>
    </ClCompile>
  </ItemGroup>
  <ItemGroup>
    <ClInclude Include="stdafx.h" />
    <ClInclude Include="..\boost\libs\filesystem\src\windows_file_codecvt.hpp">
      <Filter>boost</Filter>
    </ClInclude>
  </ItemGroup>
  <ItemGroup>
    <Filter Include="boost">
      <UniqueIdentifier>{1e81a698-56f0-47a9-9227-02507846f3b2}</UniqueIdentifier>
    </Filter>
  </ItemGroup>
</Project>