<?xml version="1.0" encoding="utf-8"?>
<Project ToolsVersion="4.0" xmlns="http://schemas.microsoft.com/developer/msbuild/2003">
  <ItemGroup>
    <ClCompile Include="..\client\CFlyThread.cpp" />
    <ClCompile Include="test-console.cpp" />
    <ClCompile Include="..\boost\libs\system\src\error_code.cpp">
      <Filter>boost</Filter>
    </ClCompile>
    <ClCompile Include="..\client\CFlyProfiler.cpp" />
    <ClCompile Include="..\boost\libs\iostreams\src\mapped_file.cpp">
      <Filter>boost</Filter>
    </ClCompile>
    <ClCompile Include="..\boost\libs\filesystem\src\path.cpp">
      <Filter>boost</Filter>
    </ClCompile>
    <ClCompile Include="..\boost\libs\filesystem\src\codecvt_error_category.cpp">
      <Filter>boost</Filter>
    </ClCompile>
    <ClCompile Include="..\boost\libs\filesystem\src\operations.cpp">
      <Filter>boost</Filter>
    </ClCompile>
    <ClCompile Include="..\boost\libs\filesystem\src\path_traits.cpp">
      <Filter>boost</Filter>
    </ClCompile>
    <ClCompile Include="..\boost\libs\filesystem\src\portability.cpp">
      <Filter>boost</Filter>
    </ClCompile>
    <ClCompile Include="..\boost\libs\filesystem\src\unique_path.cpp">
      <Filter>boost</Filter>
    </ClCompile>
    <ClCompile Include="..\boost\libs\filesystem\src\utf8_codecvt_facet.cpp">
      <Filter>boost</Filter>
    </ClCompile>
    <ClCompile Include="..\boost\libs\filesystem\src\windows_file_codecvt.cpp">
      <Filter>boost</Filter>
    </ClCompile>
    <ClCompile Include="..\zmq\src\zmq_utils.cpp">
      <Filter>zmq\cpp</Filter>
    </ClCompile>
    <ClCompile Include="..\zmq\src\zmq.cpp">
      <Filter>zmq\cpp</Filter>
    </ClCompile>
    <ClCompile Include="..\zmq\src\xsub.cpp">
      <Filter>zmq\cpp</Filter>
    </ClCompile>
    <ClCompile Include="..\zmq\src\xpub.cpp">
      <Filter>zmq\cpp</Filter>
    </ClCompile>
    <ClCompile Include="..\zmq\src\vmci_listener.cpp">
      <Filter>zmq\cpp</Filter>
    </ClCompile>
    <ClCompile Include="..\zmq\src\vmci_connecter.cpp">
      <Filter>zmq\cpp</Filter>
    </ClCompile>
    <ClCompile Include="..\zmq\src\vmci_address.cpp">
      <Filter>zmq\cpp</Filter>
    </ClCompile>
    <ClCompile Include="..\zmq\src\vmci.cpp">
      <Filter>zmq\cpp</Filter>
    </ClCompile>
    <ClCompile Include="..\zmq\src\v2_encoder.cpp">
      <Filter>zmq\cpp</Filter>
    </ClCompile>
    <ClCompile Include="..\zmq\src\v2_decoder.cpp">
      <Filter>zmq\cpp</Filter>
    </ClCompile>
    <ClCompile Include="..\zmq\src\v1_encoder.cpp">
      <Filter>zmq\cpp</Filter>
    </ClCompile>
    <ClCompile Include="..\zmq\src\v1_decoder.cpp">
      <Filter>zmq\cpp</Filter>
    </ClCompile>
    <ClCompile Include="..\zmq\src\udp_engine.cpp">
      <Filter>zmq\cpp</Filter>
    </ClCompile>
    <ClCompile Include="..\zmq\src\udp_address.cpp">
      <Filter>zmq\cpp</Filter>
    </ClCompile>
    <ClCompile Include="..\zmq\src\trie.cpp">
      <Filter>zmq\cpp</Filter>
    </ClCompile>
    <ClCompile Include="..\zmq\src\tipc_listener.cpp">
      <Filter>zmq\cpp</Filter>
    </ClCompile>
    <ClCompile Include="..\zmq\src\tipc_connecter.cpp">
      <Filter>zmq\cpp</Filter>
    </ClCompile>
    <ClCompile Include="..\zmq\src\tipc_address.cpp">
      <Filter>zmq\cpp</Filter>
    </ClCompile>
    <ClCompile Include="..\zmq\src\timers.cpp">
      <Filter>zmq\cpp</Filter>
    </ClCompile>
    <ClCompile Include="..\zmq\src\thread.cpp">
      <Filter>zmq\cpp</Filter>
    </ClCompile>
    <ClCompile Include="..\zmq\src\tcp_listener.cpp">
      <Filter>zmq\cpp</Filter>
    </ClCompile>
    <ClCompile Include="..\zmq\src\tcp_connecter.cpp">
      <Filter>zmq\cpp</Filter>
    </ClCompile>
    <ClCompile Include="..\zmq\src\tcp_address.cpp">
      <Filter>zmq\cpp</Filter>
    </ClCompile>
    <ClCompile Include="..\zmq\src\tcp.cpp">
      <Filter>zmq\cpp</Filter>
    </ClCompile>
    <ClCompile Include="..\zmq\src\sub.cpp">
      <Filter>zmq\cpp</Filter>
    </ClCompile>
    <ClCompile Include="..\zmq\src\stream_engine.cpp">
      <Filter>zmq\cpp</Filter>
    </ClCompile>
    <ClCompile Include="..\zmq\src\stream.cpp">
      <Filter>zmq\cpp</Filter>
    </ClCompile>
    <ClCompile Include="..\zmq\src\socks_connecter.cpp">
      <Filter>zmq\cpp</Filter>
    </ClCompile>
    <ClCompile Include="..\zmq\src\socks.cpp">
      <Filter>zmq\cpp</Filter>
    </ClCompile>
    <ClCompile Include="..\zmq\src\socket_poller.cpp">
      <Filter>zmq\cpp</Filter>
    </ClCompile>
    <ClCompile Include="..\zmq\src\socket_base.cpp">
      <Filter>zmq\cpp</Filter>
    </ClCompile>
    <ClCompile Include="..\zmq\src\signaler.cpp">
      <Filter>zmq\cpp</Filter>
    </ClCompile>
    <ClCompile Include="..\zmq\src\session_base.cpp">
      <Filter>zmq\cpp</Filter>
    </ClCompile>
    <ClCompile Include="..\zmq\src\server.cpp">
      <Filter>zmq\cpp</Filter>
    </ClCompile>
    <ClCompile Include="..\zmq\src\select.cpp">
      <Filter>zmq\cpp</Filter>
    </ClCompile>
    <ClCompile Include="..\zmq\src\router.cpp">
      <Filter>zmq\cpp</Filter>
    </ClCompile>
    <ClCompile Include="..\zmq\src\req.cpp">
      <Filter>zmq\cpp</Filter>
    </ClCompile>
    <ClCompile Include="..\zmq\src\rep.cpp">
      <Filter>zmq\cpp</Filter>
    </ClCompile>
    <ClCompile Include="..\zmq\src\reaper.cpp">
      <Filter>zmq\cpp</Filter>
    </ClCompile>
    <ClCompile Include="..\zmq\src\raw_encoder.cpp">
      <Filter>zmq\cpp</Filter>
    </ClCompile>
    <ClCompile Include="..\zmq\src\raw_decoder.cpp">
      <Filter>zmq\cpp</Filter>
    </ClCompile>
    <ClCompile Include="..\zmq\src\random.cpp">
      <Filter>zmq\cpp</Filter>
    </ClCompile>
    <ClCompile Include="..\zmq\src\radio.cpp">
      <Filter>zmq\cpp</Filter>
    </ClCompile>
    <ClCompile Include="..\zmq\src\push.cpp">
      <Filter>zmq\cpp</Filter>
    </ClCompile>
    <ClCompile Include="..\zmq\src\pull.cpp">
      <Filter>zmq\cpp</Filter>
    </ClCompile>
    <ClCompile Include="..\zmq\src\pub.cpp">
      <Filter>zmq\cpp</Filter>
    </ClCompile>
    <ClCompile Include="..\zmq\src\proxy.cpp">
      <Filter>zmq\cpp</Filter>
    </ClCompile>
    <ClCompile Include="..\zmq\src\precompiled.cpp">
      <Filter>zmq\cpp</Filter>
    </ClCompile>
    <ClCompile Include="..\zmq\src\poller_base.cpp">
      <Filter>zmq\cpp</Filter>
    </ClCompile>
    <ClCompile Include="..\zmq\src\poll.cpp">
      <Filter>zmq\cpp</Filter>
    </ClCompile>
    <ClCompile Include="..\zmq\src\plain_server.cpp">
      <Filter>zmq\cpp</Filter>
    </ClCompile>
    <ClCompile Include="..\zmq\src\plain_client.cpp">
      <Filter>zmq\cpp</Filter>
    </ClCompile>
    <ClCompile Include="..\zmq\src\pipe.cpp">
      <Filter>zmq\cpp</Filter>
    </ClCompile>
    <ClCompile Include="..\zmq\src\pgm_socket.cpp">
      <Filter>zmq\cpp</Filter>
    </ClCompile>
    <ClCompile Include="..\zmq\src\pgm_sender.cpp">
      <Filter>zmq\cpp</Filter>
    </ClCompile>
    <ClCompile Include="..\zmq\src\pgm_receiver.cpp">
      <Filter>zmq\cpp</Filter>
    </ClCompile>
    <ClCompile Include="..\zmq\src\pair.cpp">
      <Filter>zmq\cpp</Filter>
    </ClCompile>
    <ClCompile Include="..\zmq\src\own.cpp">
      <Filter>zmq\cpp</Filter>
    </ClCompile>
    <ClCompile Include="..\zmq\src\options.cpp">
      <Filter>zmq\cpp</Filter>
    </ClCompile>
    <ClCompile Include="..\zmq\src\object.cpp">
      <Filter>zmq\cpp</Filter>
    </ClCompile>
    <ClCompile Include="..\zmq\src\null_mechanism.cpp">
      <Filter>zmq\cpp</Filter>
    </ClCompile>
    <ClCompile Include="..\zmq\src\norm_engine.cpp">
      <Filter>zmq\cpp</Filter>
    </ClCompile>
    <ClCompile Include="..\zmq\src\mtrie.cpp">
      <Filter>zmq\cpp</Filter>
    </ClCompile>
    <ClCompile Include="..\zmq\src\msg.cpp">
      <Filter>zmq\cpp</Filter>
    </ClCompile>
    <ClCompile Include="..\zmq\src\metadata.cpp">
      <Filter>zmq\cpp</Filter>
    </ClCompile>
    <ClCompile Include="..\zmq\src\mechanism.cpp">
      <Filter>zmq\cpp</Filter>
    </ClCompile>
    <ClCompile Include="..\zmq\src\mailbox_safe.cpp">
      <Filter>zmq\cpp</Filter>
    </ClCompile>
    <ClCompile Include="..\zmq\src\mailbox.cpp">
      <Filter>zmq\cpp</Filter>
    </ClCompile>
    <ClCompile Include="..\zmq\src\lb.cpp">
      <Filter>zmq\cpp</Filter>
    </ClCompile>
    <ClCompile Include="..\zmq\src\kqueue.cpp">
      <Filter>zmq\cpp</Filter>
    </ClCompile>
    <ClCompile Include="..\zmq\src\ipc_listener.cpp">
      <Filter>zmq\cpp</Filter>
    </ClCompile>
    <ClCompile Include="..\zmq\src\ipc_connecter.cpp">
      <Filter>zmq\cpp</Filter>
    </ClCompile>
    <ClCompile Include="..\zmq\src\ipc_address.cpp">
      <Filter>zmq\cpp</Filter>
    </ClCompile>
    <ClCompile Include="..\zmq\src\ip.cpp">
      <Filter>zmq\cpp</Filter>
    </ClCompile>
    <ClCompile Include="..\zmq\src\io_thread.cpp">
      <Filter>zmq\cpp</Filter>
    </ClCompile>
    <ClCompile Include="..\zmq\src\io_object.cpp">
      <Filter>zmq\cpp</Filter>
    </ClCompile>
    <ClCompile Include="..\zmq\src\gssapi_server.cpp">
      <Filter>zmq\cpp</Filter>
    </ClCompile>
    <ClCompile Include="..\zmq\src\gssapi_mechanism_base.cpp">
      <Filter>zmq\cpp</Filter>
    </ClCompile>
    <ClCompile Include="..\zmq\src\gssapi_client.cpp">
      <Filter>zmq\cpp</Filter>
    </ClCompile>
    <ClCompile Include="..\zmq\src\fq.cpp">
      <Filter>zmq\cpp</Filter>
    </ClCompile>
    <ClCompile Include="..\zmq\src\err.cpp">
      <Filter>zmq\cpp</Filter>
    </ClCompile>
    <ClCompile Include="..\zmq\src\epoll.cpp">
      <Filter>zmq\cpp</Filter>
    </ClCompile>
    <ClCompile Include="..\zmq\src\dist.cpp">
      <Filter>zmq\cpp</Filter>
    </ClCompile>
    <ClCompile Include="..\zmq\src\dish.cpp">
      <Filter>zmq\cpp</Filter>
    </ClCompile>
    <ClCompile Include="..\zmq\src\devpoll.cpp">
      <Filter>zmq\cpp</Filter>
    </ClCompile>
    <ClCompile Include="..\zmq\src\decoder_allocators.cpp">
      <Filter>zmq\cpp</Filter>
    </ClCompile>
    <ClCompile Include="..\zmq\src\dealer.cpp">
      <Filter>zmq\cpp</Filter>
    </ClCompile>
    <ClCompile Include="..\zmq\src\curve_server.cpp">
      <Filter>zmq\cpp</Filter>
    </ClCompile>
    <ClCompile Include="..\zmq\src\curve_client.cpp">
      <Filter>zmq\cpp</Filter>
    </ClCompile>
    <ClCompile Include="..\zmq\src\ctx.cpp">
      <Filter>zmq\cpp</Filter>
    </ClCompile>
    <ClCompile Include="..\zmq\src\clock.cpp">
      <Filter>zmq\cpp</Filter>
    </ClCompile>
    <ClCompile Include="..\zmq\src\client.cpp">
      <Filter>zmq\cpp</Filter>
    </ClCompile>
    <ClCompile Include="..\zmq\src\address.cpp">
      <Filter>zmq\cpp</Filter>
    </ClCompile>
    <ClCompile Include="..\zmq\src\dgram.cpp">
      <Filter>zmq\cpp</Filter>
    </ClCompile>
    <ClCompile Include="..\zmq\src\scatter.cpp">
      <Filter>zmq\cpp</Filter>
    </ClCompile>
    <ClCompile Include="..\zmq\src\gather.cpp">
      <Filter>zmq\cpp</Filter>
    </ClCompile>
  </ItemGroup>
  <ItemGroup>
    <ClInclude Include="stdafx.h" />
    <ClInclude Include="..\boost\libs\filesystem\src\windows_file_codecvt.hpp">
      <Filter>boost</Filter>
    </ClInclude>
    <ClInclude Include="..\zmq\include\zmq.h">
      <Filter>zmq\h</Filter>
    </ClInclude>
    <ClInclude Include="..\zmq\include\zmq_utils.h">
      <Filter>zmq\h</Filter>
    </ClInclude>
    <ClInclude Include="..\zmq\src\yqueue.hpp">
      <Filter>zmq\h</Filter>
    </ClInclude>
    <ClInclude Include="..\zmq\src\ypipe_conflate.hpp">
      <Filter>zmq\h</Filter>
    </ClInclude>
    <ClInclude Include="..\zmq\src\ypipe_base.hpp">
      <Filter>zmq\h</Filter>
    </ClInclude>
    <ClInclude Include="..\zmq\src\ypipe.hpp">
      <Filter>zmq\h</Filter>
    </ClInclude>
    <ClInclude Include="..\zmq\src\xsub.hpp">
      <Filter>zmq\h</Filter>
    </ClInclude>
    <ClInclude Include="..\zmq\src\xpub.hpp">
      <Filter>zmq\h</Filter>
    </ClInclude>
    <ClInclude Include="..\zmq\src\wire.hpp">
      <Filter>zmq\h</Filter>
    </ClInclude>
    <ClInclude Include="..\zmq\src\windows.hpp">
      <Filter>zmq\h</Filter>
    </ClInclude>
    <ClInclude Include="..\zmq\src\vmci_listener.hpp">
      <Filter>zmq\h</Filter>
    </ClInclude>
    <ClInclude Include="..\zmq\src\vmci_connecter.hpp">
      <Filter>zmq\h</Filter>
    </ClInclude>
    <ClInclude Include="..\zmq\src\vmci_address.hpp">
      <Filter>zmq\h</Filter>
    </ClInclude>
    <ClInclude Include="..\zmq\src\vmci.hpp">
      <Filter>zmq\h</Filter>
    </ClInclude>
    <ClInclude Include="..\zmq\src\v2_protocol.hpp">
      <Filter>zmq\h</Filter>
    </ClInclude>
    <ClInclude Include="..\zmq\src\v2_encoder.hpp">
      <Filter>zmq\h</Filter>
    </ClInclude>
    <ClInclude Include="..\zmq\src\v2_decoder.hpp">
      <Filter>zmq\h</Filter>
    </ClInclude>
    <ClInclude Include="..\zmq\src\v1_encoder.hpp">
      <Filter>zmq\h</Filter>
    </ClInclude>
    <ClInclude Include="..\zmq\src\v1_decoder.hpp">
      <Filter>zmq\h</Filter>
    </ClInclude>
    <ClInclude Include="..\zmq\src\udp_engine.hpp">
      <Filter>zmq\h</Filter>
    </ClInclude>
    <ClInclude Include="..\zmq\src\udp_address.hpp">
      <Filter>zmq\h</Filter>
    </ClInclude>
    <ClInclude Include="..\zmq\src\trie.hpp">
      <Filter>zmq\h</Filter>
    </ClInclude>
    <ClInclude Include="..\zmq\src\tipc_listener.hpp">
      <Filter>zmq\h</Filter>
    </ClInclude>
    <ClInclude Include="..\zmq\src\tipc_connecter.hpp">
      <Filter>zmq\h</Filter>
    </ClInclude>
    <ClInclude Include="..\zmq\src\tipc_address.hpp">
      <Filter>zmq\h</Filter>
    </ClInclude>
    <ClInclude Include="..\zmq\src\timers.hpp">
      <Filter>zmq\h</Filter>
    </ClInclude>
    <ClInclude Include="..\zmq\src\thread.hpp">
      <Filter>zmq\h</Filter>
    </ClInclude>
    <ClInclude Include="..\zmq\src\tcp_listener.hpp">
      <Filter>zmq\h</Filter>
    </ClInclude>
    <ClInclude Include="..\zmq\src\tcp_connecter.hpp">
      <Filter>zmq\h</Filter>
    </ClInclude>
    <ClInclude Include="..\zmq\src\tcp_address.hpp">
      <Filter>zmq\h</Filter>
    </ClInclude>
    <ClInclude Include="..\zmq\src\tcp.hpp">
      <Filter>zmq\h</Filter>
    </ClInclude>
    <ClInclude Include="..\zmq\src\sub.hpp">
      <Filter>zmq\h</Filter>
    </ClInclude>
    <ClInclude Include="..\zmq\src\stream_engine.hpp">
      <Filter>zmq\h</Filter>
    </ClInclude>
    <ClInclude Include="..\zmq\src\stream.hpp">
      <Filter>zmq\h</Filter>
    </ClInclude>
    <ClInclude Include="..\zmq\src\stdint.hpp">
      <Filter>zmq\h</Filter>
    </ClInclude>
    <ClInclude Include="..\zmq\src\socks_connecter.hpp">
      <Filter>zmq\h</Filter>
    </ClInclude>
    <ClInclude Include="..\zmq\src\socks.hpp">
      <Filter>zmq\h</Filter>
    </ClInclude>
    <ClInclude Include="..\zmq\src\socket_poller.hpp">
      <Filter>zmq\h</Filter>
    </ClInclude>
    <ClInclude Include="..\zmq\src\socket_base.hpp">
      <Filter>zmq\h</Filter>
    </ClInclude>
    <ClInclude Include="..\zmq\src\signaler.hpp">
      <Filter>zmq\h</Filter>
    </ClInclude>
    <ClInclude Include="..\zmq\src\session_base.hpp">
      <Filter>zmq\h</Filter>
    </ClInclude>
    <ClInclude Include="..\zmq\src\server.hpp">
      <Filter>zmq\h</Filter>
    </ClInclude>
    <ClInclude Include="..\zmq\src\select.hpp">
      <Filter>zmq\h</Filter>
    </ClInclude>
    <ClInclude Include="..\zmq\src\router.hpp">
      <Filter>zmq\h</Filter>
    </ClInclude>
    <ClInclude Include="..\zmq\src\req.hpp">
      <Filter>zmq\h</Filter>
    </ClInclude>
    <ClInclude Include="..\zmq\src\rep.hpp">
      <Filter>zmq\h</Filter>
    </ClInclude>
    <ClInclude Include="..\zmq\src\reaper.hpp">
      <Filter>zmq\h</Filter>
    </ClInclude>
    <ClInclude Include="..\zmq\src\raw_encoder.hpp">
      <Filter>zmq\h</Filter>
    </ClInclude>
    <ClInclude Include="..\zmq\src\raw_decoder.hpp">
      <Filter>zmq\h</Filter>
    </ClInclude>
    <ClInclude Include="..\zmq\src\random.hpp">
      <Filter>zmq\h</Filter>
    </ClInclude>
    <ClInclude Include="..\zmq\src\radio.hpp">
      <Filter>zmq\h</Filter>
    </ClInclude>
    <ClInclude Include="..\zmq\src\push.hpp">
      <Filter>zmq\h</Filter>
    </ClInclude>
    <ClInclude Include="..\zmq\src\pull.hpp">
      <Filter>zmq\h</Filter>
    </ClInclude>
    <ClInclude Include="..\zmq\src\pub.hpp">
      <Filter>zmq\h</Filter>
    </ClInclude>
    <ClInclude Include="..\zmq\src\proxy.hpp">
      <Filter>zmq\h</Filter>
    </ClInclude>
    <ClInclude Include="..\zmq\src\precompiled.hpp">
      <Filter>zmq\h</Filter>
    </ClInclude>
    <ClInclude Include="..\zmq\src\poller_base.hpp">
      <Filter>zmq\h</Filter>
    </ClInclude>
    <ClInclude Include="..\zmq\src\poller.hpp">
      <Filter>zmq\h</Filter>
    </ClInclude>
    <ClInclude Include="..\zmq\src\poll.hpp">
      <Filter>zmq\h</Filter>
    </ClInclude>
    <ClInclude Include="..\zmq\src\platform.hpp">
      <Filter>zmq\h</Filter>
    </ClInclude>
    <ClInclude Include="..\zmq\src\plain_server.hpp">
      <Filter>zmq\h</Filter>
    </ClInclude>
    <ClInclude Include="..\zmq\src\plain_client.hpp">
      <Filter>zmq\h</Filter>
    </ClInclude>
    <ClInclude Include="..\zmq\src\pipe.hpp">
      <Filter>zmq\h</Filter>
    </ClInclude>
    <ClInclude Include="..\zmq\src\pgm_socket.hpp">
      <Filter>zmq\h</Filter>
    </ClInclude>
    <ClInclude Include="..\zmq\src\pgm_sender.hpp">
      <Filter>zmq\h</Filter>
    </ClInclude>
    <ClInclude Include="..\zmq\src\pgm_receiver.hpp">
      <Filter>zmq\h</Filter>
    </ClInclude>
    <ClInclude Include="..\zmq\src\pair.hpp">
      <Filter>zmq\h</Filter>
    </ClInclude>
    <ClInclude Include="..\zmq\src\own.hpp">
      <Filter>zmq\h</Filter>
    </ClInclude>
    <ClInclude Include="..\zmq\src\options.hpp">
      <Filter>zmq\h</Filter>
    </ClInclude>
    <ClInclude Include="..\zmq\src\object.hpp">
      <Filter>zmq\h</Filter>
    </ClInclude>
    <ClInclude Include="..\zmq\src\null_mechanism.hpp">
      <Filter>zmq\h</Filter>
    </ClInclude>
    <ClInclude Include="..\zmq\src\norm_engine.hpp">
      <Filter>zmq\h</Filter>
    </ClInclude>
    <ClInclude Include="..\zmq\src\mutex.hpp">
      <Filter>zmq\h</Filter>
    </ClInclude>
    <ClInclude Include="..\zmq\src\mtrie.hpp">
      <Filter>zmq\h</Filter>
    </ClInclude>
    <ClInclude Include="..\zmq\src\msg.hpp">
      <Filter>zmq\h</Filter>
    </ClInclude>
    <ClInclude Include="..\zmq\src\metadata.hpp">
      <Filter>zmq\h</Filter>
    </ClInclude>
    <ClInclude Include="..\zmq\src\mechanism.hpp">
      <Filter>zmq\h</Filter>
    </ClInclude>
    <ClInclude Include="..\zmq\src\mailbox_safe.hpp">
      <Filter>zmq\h</Filter>
    </ClInclude>
    <ClInclude Include="..\zmq\src\mailbox.hpp">
      <Filter>zmq\h</Filter>
    </ClInclude>
    <ClInclude Include="..\zmq\src\macros.hpp">
      <Filter>zmq\h</Filter>
    </ClInclude>
    <ClInclude Include="..\zmq\src\likely.hpp">
      <Filter>zmq\h</Filter>
    </ClInclude>
    <ClInclude Include="..\zmq\src\lb.hpp">
      <Filter>zmq\h</Filter>
    </ClInclude>
    <ClInclude Include="..\zmq\src\kqueue.hpp">
      <Filter>zmq\h</Filter>
    </ClInclude>
    <ClInclude Include="..\zmq\src\ipc_listener.hpp">
      <Filter>zmq\h</Filter>
    </ClInclude>
    <ClInclude Include="..\zmq\src\ipc_connecter.hpp">
      <Filter>zmq\h</Filter>
    </ClInclude>
    <ClInclude Include="..\zmq\src\ipc_address.hpp">
      <Filter>zmq\h</Filter>
    </ClInclude>
    <ClInclude Include="..\zmq\src\ip.hpp">
      <Filter>zmq\h</Filter>
    </ClInclude>
    <ClInclude Include="..\zmq\src\io_thread.hpp">
      <Filter>zmq\h</Filter>
    </ClInclude>
    <ClInclude Include="..\zmq\src\io_object.hpp">
      <Filter>zmq\h</Filter>
    </ClInclude>
    <ClInclude Include="..\zmq\src\i_poll_events.hpp">
      <Filter>zmq\h</Filter>
    </ClInclude>
    <ClInclude Include="..\zmq\src\i_mailbox.hpp">
      <Filter>zmq\h</Filter>
    </ClInclude>
    <ClInclude Include="..\zmq\src\i_engine.hpp">
      <Filter>zmq\h</Filter>
    </ClInclude>
    <ClInclude Include="..\zmq\src\i_encoder.hpp">
      <Filter>zmq\h</Filter>
    </ClInclude>
    <ClInclude Include="..\zmq\src\i_decoder.hpp">
      <Filter>zmq\h</Filter>
    </ClInclude>
    <ClInclude Include="..\zmq\src\gssapi_server.hpp">
      <Filter>zmq\h</Filter>
    </ClInclude>
    <ClInclude Include="..\zmq\src\gssapi_mechanism_base.hpp">
      <Filter>zmq\h</Filter>
    </ClInclude>
    <ClInclude Include="..\zmq\src\gssapi_client.hpp">
      <Filter>zmq\h</Filter>
    </ClInclude>
    <ClInclude Include="..\zmq\src\fq.hpp">
      <Filter>zmq\h</Filter>
    </ClInclude>
    <ClInclude Include="..\zmq\src\fd.hpp">
      <Filter>zmq\h</Filter>
    </ClInclude>
    <ClInclude Include="..\zmq\src\err.hpp">
      <Filter>zmq\h</Filter>
    </ClInclude>
    <ClInclude Include="..\zmq\src\epoll.hpp">
      <Filter>zmq\h</Filter>
    </ClInclude>
    <ClInclude Include="..\zmq\src\encoder.hpp">
      <Filter>zmq\h</Filter>
    </ClInclude>
    <ClInclude Include="..\zmq\src\dist.hpp">
      <Filter>zmq\h</Filter>
    </ClInclude>
    <ClInclude Include="..\zmq\src\dish.hpp">
      <Filter>zmq\h</Filter>
    </ClInclude>
    <ClInclude Include="..\zmq\src\devpoll.hpp">
      <Filter>zmq\h</Filter>
    </ClInclude>
    <ClInclude Include="..\zmq\src\decoder_allocators.hpp">
      <Filter>zmq\h</Filter>
    </ClInclude>
    <ClInclude Include="..\zmq\src\decoder.hpp">
      <Filter>zmq\h</Filter>
    </ClInclude>
    <ClInclude Include="..\zmq\src\dealer.hpp">
      <Filter>zmq\h</Filter>
    </ClInclude>
    <ClInclude Include="..\zmq\src\dbuffer.hpp">
      <Filter>zmq\h</Filter>
    </ClInclude>
    <ClInclude Include="..\zmq\src\curve_server.hpp">
      <Filter>zmq\h</Filter>
    </ClInclude>
    <ClInclude Include="..\zmq\src\curve_client.hpp">
      <Filter>zmq\h</Filter>
    </ClInclude>
    <ClInclude Include="..\zmq\src\ctx.hpp">
      <Filter>zmq\h</Filter>
    </ClInclude>
    <ClInclude Include="..\zmq\src\config.hpp">
      <Filter>zmq\h</Filter>
    </ClInclude>
    <ClInclude Include="..\zmq\src\condition_variable.hpp">
      <Filter>zmq\h</Filter>
    </ClInclude>
    <ClInclude Include="..\zmq\src\command.hpp">
      <Filter>zmq\h</Filter>
    </ClInclude>
    <ClInclude Include="..\zmq\src\clock.hpp">
      <Filter>zmq\h</Filter>
    </ClInclude>
    <ClInclude Include="..\zmq\src\client.hpp">
      <Filter>zmq\h</Filter>
    </ClInclude>
    <ClInclude Include="..\zmq\src\blob.hpp">
      <Filter>zmq\h</Filter>
    </ClInclude>
    <ClInclude Include="..\zmq\src\atomic_ptr.hpp">
      <Filter>zmq\h</Filter>
    </ClInclude>
    <ClInclude Include="..\zmq\src\atomic_counter.hpp">
      <Filter>zmq\h</Filter>
    </ClInclude>
    <ClInclude Include="..\zmq\src\array.hpp">
      <Filter>zmq\h</Filter>
    </ClInclude>
    <ClInclude Include="..\zmq\src\address.hpp">
      <Filter>zmq\h</Filter>
    </ClInclude>
  </ItemGroup>
  <ItemGroup>
    <Filter Include="boost">
      <UniqueIdentifier>{1e81a698-56f0-47a9-9227-02507846f3b2}</UniqueIdentifier>
    </Filter>
    <Filter Include="zmq">
      <UniqueIdentifier>{66f13749-1f61-44ad-9110-f44cb2d7a314}</UniqueIdentifier>
    </Filter>
    <Filter Include="zmq\h">
      <UniqueIdentifier>{b65eaf3d-0647-43e7-979b-1a9f4f2f5c7c}</UniqueIdentifier>
    </Filter>
    <Filter Include="zmq\cpp">
      <UniqueIdentifier>{68caea6e-37be-4c58-a316-2385f19ce8d7}</UniqueIdentifier>
    </Filter>
  </ItemGroup>
</Project>