<?xml version="1.0" encoding="utf-8"?>
<Project ToolsVersion="4.0" xmlns="http://schemas.microsoft.com/developer/msbuild/2003">
  <ItemGroup>
    <ClCompile Include="boost\libs\thread\src\win32\thread.cpp">
      <Filter>Source Files</Filter>
    </ClCompile>
    <ClCompile Include="boost\libs\thread\src\tss_null.cpp">
      <Filter>Source Files</Filter>
    </ClCompile>
    <ClCompile Include="boost\libs\system\src\error_code.cpp">
      <Filter>Source Files</Filter>
    </ClCompile>
    <ClCompile Include="boost\libs\chrono\src\chrono.cpp">
      <Filter>Source Files</Filter>
    </ClCompile>
    <ClCompile Include="boost\libs\chrono\src\process_cpu_clocks.cpp">
      <Filter>Source Files</Filter>
    </ClCompile>
    <ClCompile Include="boost\libs\chrono\src\thread_clock.cpp">
      <Filter>Source Files</Filter>
    </ClCompile>
  </ItemGroup>
  <ItemGroup>
    <Filter Include="Header Files">
      <UniqueIdentifier>{fe1438ef-636f-40ea-b505-d4f9d50f204e}</UniqueIdentifier>
    </Filter>
    <Filter Include="Source Files">
      <UniqueIdentifier>{11969a55-15a4-4dde-88c7-ef8f26906a08}</UniqueIdentifier>
    </Filter>
  </ItemGroup>
  <ItemGroup>
    <None Include="boost\libs\thread\src\win32\timeconv.inl">
      <Filter>Header Files</Filter>
    </None>
  </ItemGroup>
  <ItemGroup>
    <ClInclude Include="boost\boost\asio\detail\impl\win_thread.ipp">
      <Filter>Source Files</Filter>
    </ClInclude>
  </ItemGroup>
</Project>