<?xml version="1.0" encoding="utf-8"?>
<Project ToolsVersion="4.0" xmlns="http://schemas.microsoft.com/developer/msbuild/2003">
  <ItemGroup>
    <Filter Include="Source Files">
      <UniqueIdentifier>{ec109f7c-3ddc-48db-b76a-15366e1f8f31}</UniqueIdentifier>
    </Filter>
    <Filter Include="Header Files">
      <UniqueIdentifier>{487e0a46-ab72-4785-9c12-819fe64542ed}</UniqueIdentifier>
    </Filter>
  </ItemGroup>
  <ItemGroup>
    <ClCompile Include="zlib-ng\adler32.c">
      <Filter>Source Files</Filter>
    </ClCompile>
    <ClCompile Include="zlib-ng\chunkset.c">
      <Filter>Source Files</Filter>
    </ClCompile>
    <ClCompile Include="zlib-ng\compare258.c">
      <Filter>Source Files</Filter>
    </ClCompile>
    <ClCompile Include="zlib-ng\compress.c">
      <Filter>Source Files</Filter>
    </ClCompile>
    <ClCompile Include="zlib-ng\crc32.c">
      <Filter>Source Files</Filter>
    </ClCompile>
    <ClCompile Include="zlib-ng\crc32_comb.c">
      <Filter>Source Files</Filter>
    </ClCompile>
    <ClCompile Include="zlib-ng\deflate.c">
      <Filter>Source Files</Filter>
    </ClCompile>
    <ClCompile Include="zlib-ng\deflate_fast.c">
      <Filter>Source Files</Filter>
    </ClCompile>
    <ClCompile Include="zlib-ng\deflate_medium.c">
      <Filter>Source Files</Filter>
    </ClCompile>
    <ClCompile Include="zlib-ng\deflate_quick.c">
      <Filter>Source Files</Filter>
    </ClCompile>
    <ClCompile Include="zlib-ng\deflate_slow.c">
      <Filter>Source Files</Filter>
    </ClCompile>
    <ClCompile Include="zlib-ng\functable.c">
      <Filter>Source Files</Filter>
    </ClCompile>
    <ClCompile Include="zlib-ng\infback.c">
      <Filter>Source Files</Filter>
    </ClCompile>
    <ClCompile Include="zlib-ng\inffast.c">
      <Filter>Source Files</Filter>
    </ClCompile>
    <ClCompile Include="zlib-ng\inflate.c">
      <Filter>Source Files</Filter>
    </ClCompile>
    <ClCompile Include="zlib-ng\inftrees.c">
      <Filter>Source Files</Filter>
    </ClCompile>
    <ClCompile Include="zlib-ng\insert_string.c">
      <Filter>Source Files</Filter>
    </ClCompile>
    <ClCompile Include="zlib-ng\trees.c">
      <Filter>Source Files</Filter>
    </ClCompile>
    <ClCompile Include="zlib-ng\uncompr.c">
      <Filter>Source Files</Filter>
    </ClCompile>
    <ClCompile Include="zlib-ng\zutil.c">
      <Filter>Source Files</Filter>
    </ClCompile>
    <ClCompile Include="zlib-ng\deflate_stored.c">
      <Filter>Source Files</Filter>
    </ClCompile>
    <ClCompile Include="zlib-ng\deflate_huff.c">
      <Filter>Source Files</Filter>
    </ClCompile>
    <ClCompile Include="zlib-ng\deflate_rle.c">
      <Filter>Source Files</Filter>
    </ClCompile>
    <ClCompile Include="zlib-ng\slide_hash.c">
      <Filter>Source Files</Filter>
    </ClCompile>
    <ClCompile Include="zlib-ng\insert_string_roll.c">
      <Filter>Source Files</Filter>
    </ClCompile>
  </ItemGroup>
  <ItemGroup>
    <ClInclude Include="zlib-ng\adler32_p.h">
      <Filter>Header Files</Filter>
    </ClInclude>
    <ClInclude Include="zlib-ng\chunkset_tpl.h">
      <Filter>Header Files</Filter>
    </ClInclude>
    <ClInclude Include="zlib-ng\crc32_comb_tbl.h">
      <Filter>Header Files</Filter>
    </ClInclude>
    <ClInclude Include="zlib-ng\crc32_p.h">
      <Filter>Header Files</Filter>
    </ClInclude>
    <ClInclude Include="zlib-ng\crc32_tbl.h">
      <Filter>Header Files</Filter>
    </ClInclude>
    <ClInclude Include="zlib-ng\deflate.h">
      <Filter>Header Files</Filter>
    </ClInclude>
    <ClInclude Include="zlib-ng\deflate_p.h">
      <Filter>Header Files</Filter>
    </ClInclude>
    <ClInclude Include="zlib-ng\fallback_builtins.h">
      <Filter>Header Files</Filter>
    </ClInclude>
    <ClInclude Include="zlib-ng\functable.h">
      <Filter>Header Files</Filter>
    </ClInclude>
    <ClInclude Include="zlib-ng\inffast.h">
      <Filter>Header Files</Filter>
    </ClInclude>
    <ClInclude Include="zlib-ng\inffixed_tbl.h">
      <Filter>Header Files</Filter>
    </ClInclude>
    <ClInclude Include="zlib-ng\inflate.h">
      <Filter>Header Files</Filter>
    </ClInclude>
    <ClInclude Include="zlib-ng\inflate_p.h">
      <Filter>Header Files</Filter>
    </ClInclude>
    <ClInclude Include="zlib-ng\inftrees.h">
      <Filter>Header Files</Filter>
    </ClInclude>
    <ClInclude Include="zlib-ng\insert_string_tpl.h">
      <Filter>Header Files</Filter>
    </ClInclude>
    <ClInclude Include="zlib-ng\match_tpl.h">
      <Filter>Header Files</Filter>
    </ClInclude>
    <ClInclude Include="zlib-ng\trees.h">
      <Filter>Header Files</Filter>
    </ClInclude>
    <ClInclude Include="zlib-ng\trees_emit.h">
      <Filter>Header Files</Filter>
    </ClInclude>
    <ClInclude Include="zlib-ng\trees_tbl.h">
      <Filter>Header Files</Filter>
    </ClInclude>
    <ClInclude Include="zlib-ng\zbuild.h">
      <Filter>Header Files</Filter>
    </ClInclude>
    <ClInclude Include="zlib-ng\zconf.h">
      <Filter>Header Files</Filter>
    </ClInclude>
    <ClInclude Include="zlib-ng\zconf-ng.h">
      <Filter>Header Files</Filter>
    </ClInclude>
    <ClInclude Include="zlib-ng\zendian.h">
      <Filter>Header Files</Filter>
    </ClInclude>
    <ClInclude Include="zlib-ng\zlib-ng.h">
      <Filter>Header Files</Filter>
    </ClInclude>
    <ClInclude Include="zlib-ng\zutil.h">
      <Filter>Header Files</Filter>
    </ClInclude>
    <ClInclude Include="zlib-ng\zutil_p.h">
      <Filter>Header Files</Filter>
    </ClInclude>
  </ItemGroup>
</Project>