<?xml version="1.0" encoding="utf-8"?>
<Project ToolsVersion="4.0" xmlns="http://schemas.microsoft.com/developer/msbuild/2003">
  <ItemGroup>
    <ClCompile Include="zlib-ng\adler32.c">
      <Filter>Source Files</Filter>
    </ClCompile>
    <ClCompile Include="zlib-ng\compress.c">
      <Filter>Source Files</Filter>
    </ClCompile>
    <ClCompile Include="zlib-ng\crc32.c">
      <Filter>Source Files</Filter>
    </ClCompile>
    <ClCompile Include="zlib-ng\deflate.c">
      <Filter>Source Files</Filter>
    </ClCompile>
    <ClCompile Include="zlib-ng\inffast.c">
      <Filter>Source Files</Filter>
    </ClCompile>
    <ClCompile Include="zlib-ng\inflate.c">
      <Filter>Source Files</Filter>
    </ClCompile>
    <ClCompile Include="zlib-ng\inftrees.c">
      <Filter>Source Files</Filter>
    </ClCompile>
    <ClCompile Include="zlib-ng\trees.c">
      <Filter>Source Files</Filter>
    </ClCompile>
    <ClCompile Include="zlib-ng\uncompr.c">
      <Filter>Source Files</Filter>
    </ClCompile>
    <ClCompile Include="zlib-ng\zutil.c">
      <Filter>Source Files</Filter>
    </ClCompile>
  </ItemGroup>
  <ItemGroup>
    <ClInclude Include="zlib-ng\crc32.h">
      <Filter>Header Files</Filter>
    </ClInclude>
    <ClInclude Include="zlib-ng\deflate.h">
      <Filter>Header Files</Filter>
    </ClInclude>
    <ClInclude Include="zlib-ng\inffast.h">
      <Filter>Header Files</Filter>
    </ClInclude>
    <ClInclude Include="zlib-ng\inffixed.h">
      <Filter>Header Files</Filter>
    </ClInclude>
    <ClInclude Include="zlib-ng\inflate.h">
      <Filter>Header Files</Filter>
    </ClInclude>
    <ClInclude Include="zlib-ng\inftrees.h">
      <Filter>Header Files</Filter>
    </ClInclude>
    <ClInclude Include="zlib-ng\trees.h">
      <Filter>Header Files</Filter>
    </ClInclude>
    <ClInclude Include="zlib-ng\zconf.h">
      <Filter>Header Files</Filter>
    </ClInclude>
    <ClInclude Include="zlib-ng\zlib.h">
      <Filter>Header Files</Filter>
    </ClInclude>
    <ClInclude Include="zlib-ng\zutil.h">
      <Filter>Header Files</Filter>
    </ClInclude>
    <ClInclude Include="zlib-ng\gzguts.h">
      <Filter>Header Files</Filter>
    </ClInclude>
  </ItemGroup>
  <ItemGroup>
    <Filter Include="Source Files">
      <UniqueIdentifier>{ec109f7c-3ddc-48db-b76a-15366e1f8f31}</UniqueIdentifier>
    </Filter>
    <Filter Include="Header Files">
      <UniqueIdentifier>{487e0a46-ab72-4785-9c12-819fe64542ed}</UniqueIdentifier>
    </Filter>
  </ItemGroup>
</Project>