<?xml version="1.0" encoding="utf-8"?>
<Project ToolsVersion="4.0" xmlns="http://schemas.microsoft.com/developer/msbuild/2003">
  <ItemGroup>
    <Filter Include="Source Files">
      <UniqueIdentifier>{4FC737F1-C7A5-4376-A066-2A32D752A2FF}</UniqueIdentifier>
      <Extensions>cpp;c;cc;cxx;def;odl;idl;hpj;bat;asm;asmx</Extensions>
    </Filter>
    <Filter Include="Header Files">
      <UniqueIdentifier>{93995380-89BD-4b04-88EB-625FBE52EBFB}</UniqueIdentifier>
      <Extensions>h;hpp;hxx;hm;inl;inc;xsd</Extensions>
    </Filter>
    <Filter Include="Resource Files">
      <UniqueIdentifier>{67DA6AB6-F800-4c08-8B7A-83BB121AAD01}</UniqueIdentifier>
      <Extensions>rc;ico;cur;bmp;dlg;rc2;rct;bin;rgs;gif;jpg;jpeg;jpe;resx;tiff;tif;png;wav;mfcribbon-ms</Extensions>
    </Filter>
    <Filter Include="Source Files\crypto">
      <UniqueIdentifier>{9089c346-e962-401a-a202-40cc94ce9301}</UniqueIdentifier>
    </Filter>
    <Filter Include="Source Files\engines">
      <UniqueIdentifier>{c49621ab-8b26-44ef-bfbf-4fd7047b6dba}</UniqueIdentifier>
    </Filter>
    <Filter Include="Source Files\ssl">
      <UniqueIdentifier>{ade655e6-f60a-49dd-b151-66ea16cff2de}</UniqueIdentifier>
    </Filter>
    <Filter Include="Header Files\openssl">
      <UniqueIdentifier>{07491bbf-7aa9-4a37-aed5-e973ac7bb9e3}</UniqueIdentifier>
    </Filter>
    <Filter Include="Source Files\crypto\aes">
      <UniqueIdentifier>{fa9cc909-fcf6-46bd-9e3f-71f1a5451167}</UniqueIdentifier>
    </Filter>
    <Filter Include="Source Files\crypto\asn1">
      <UniqueIdentifier>{30e64127-a790-45ea-b8de-9d5323bf5b74}</UniqueIdentifier>
    </Filter>
    <Filter Include="Source Files\crypto\bf">
      <UniqueIdentifier>{4af0ec23-398f-4dcb-bf26-21aebc637a62}</UniqueIdentifier>
    </Filter>
    <Filter Include="Source Files\crypto\bio">
      <UniqueIdentifier>{bbcc25be-30c9-4fa7-a6dc-04389789698c}</UniqueIdentifier>
    </Filter>
    <Filter Include="Source Files\crypto\bn">
      <UniqueIdentifier>{c1ac69bb-cf8b-4ecf-8971-fcd4fcdf348d}</UniqueIdentifier>
    </Filter>
    <Filter Include="Source Files\crypto\buffer">
      <UniqueIdentifier>{58263fc1-1dbb-4903-bf79-3b0ae0c73bf7}</UniqueIdentifier>
    </Filter>
    <Filter Include="Source Files\crypto\camellia">
      <UniqueIdentifier>{881fd74e-cd40-441a-b03a-70cfcc89c2c2}</UniqueIdentifier>
    </Filter>
    <Filter Include="Source Files\crypto\cast">
      <UniqueIdentifier>{c60753df-2ade-4dec-8851-dca175cf13bf}</UniqueIdentifier>
    </Filter>
    <Filter Include="Source Files\crypto\cms">
      <UniqueIdentifier>{edb0c87e-07cf-45ac-8319-97b87daeff0c}</UniqueIdentifier>
    </Filter>
    <Filter Include="Source Files\crypto\comp">
      <UniqueIdentifier>{2e41a911-e9d9-491d-9129-d0de80b5706f}</UniqueIdentifier>
    </Filter>
    <Filter Include="Source Files\crypto\conf">
      <UniqueIdentifier>{a9040077-5a04-4bc5-9d36-660e32797cf6}</UniqueIdentifier>
    </Filter>
    <Filter Include="Source Files\crypto\des">
      <UniqueIdentifier>{730134aa-36e2-42d4-a222-c27a7b93c933}</UniqueIdentifier>
    </Filter>
    <Filter Include="Source Files\crypto\dh">
      <UniqueIdentifier>{bbda04c8-febe-4ea7-868c-8af301498f4e}</UniqueIdentifier>
    </Filter>
    <Filter Include="Source Files\crypto\dsa">
      <UniqueIdentifier>{fbcacbfb-b6b6-463d-beb6-9cf3978d5625}</UniqueIdentifier>
    </Filter>
    <Filter Include="Source Files\crypto\dso">
      <UniqueIdentifier>{88be2db1-3171-4f29-983a-448f32476ffa}</UniqueIdentifier>
    </Filter>
    <Filter Include="Source Files\crypto\ec">
      <UniqueIdentifier>{682563d7-7af6-4286-9ce8-dc6d2da61083}</UniqueIdentifier>
    </Filter>
    <Filter Include="Source Files\crypto\ecdh">
      <UniqueIdentifier>{98f775a3-6969-4fa6-ad81-8bec748e6cc6}</UniqueIdentifier>
    </Filter>
    <Filter Include="Source Files\crypto\ecdsa">
      <UniqueIdentifier>{ce515be4-0470-415a-8a55-182ae04944ac}</UniqueIdentifier>
    </Filter>
    <Filter Include="Source Files\crypto\engine">
      <UniqueIdentifier>{b782e013-12df-463e-8e59-bb4e43d0f309}</UniqueIdentifier>
    </Filter>
    <Filter Include="Source Files\crypto\err">
      <UniqueIdentifier>{ef2df13e-a878-4e5d-bd0f-4a5e1ce0a51a}</UniqueIdentifier>
    </Filter>
    <Filter Include="Source Files\crypto\evp">
      <UniqueIdentifier>{a4b5bcbd-790c-4f6b-86b1-365dc39be5c2}</UniqueIdentifier>
    </Filter>
    <Filter Include="Source Files\crypto\hmac">
      <UniqueIdentifier>{5851158f-5b4e-495f-bf31-3cdc765f0c62}</UniqueIdentifier>
    </Filter>
    <Filter Include="Source Files\crypto\idea">
      <UniqueIdentifier>{378a20e8-9fa9-4d5c-96ad-685c530b7707}</UniqueIdentifier>
    </Filter>
    <Filter Include="Source Files\crypto\lhash">
      <UniqueIdentifier>{a66104f8-28e2-4ab2-bbb1-23822f592d8a}</UniqueIdentifier>
    </Filter>
    <Filter Include="Source Files\crypto\md4">
      <UniqueIdentifier>{c59d6cbc-3a86-448d-a147-a523f228b0f2}</UniqueIdentifier>
    </Filter>
    <Filter Include="Source Files\crypto\md5">
      <UniqueIdentifier>{f1a098f8-e86b-4cf1-a446-40a48a859638}</UniqueIdentifier>
    </Filter>
    <Filter Include="Source Files\crypto\mdc2">
      <UniqueIdentifier>{16c9a897-baee-4b9c-ae56-3bc335e72613}</UniqueIdentifier>
    </Filter>
    <Filter Include="Source Files\crypto\modes">
      <UniqueIdentifier>{8beed262-893a-48df-9321-1fe0ec298b9a}</UniqueIdentifier>
    </Filter>
    <Filter Include="Source Files\crypto\ocsp">
      <UniqueIdentifier>{c23d148e-080a-42f8-bf9c-fe1201b8942d}</UniqueIdentifier>
    </Filter>
    <Filter Include="Source Files\crypto\pem">
      <UniqueIdentifier>{604d8616-9a53-49a8-890d-07bc2bb2dd3f}</UniqueIdentifier>
    </Filter>
    <Filter Include="Source Files\crypto\pkcs12">
      <UniqueIdentifier>{2cab4e40-24af-4279-8829-cd814f0bf86b}</UniqueIdentifier>
    </Filter>
    <Filter Include="Source Files\crypto\pkcs7">
      <UniqueIdentifier>{a3e8de4f-ac6e-440c-ac00-c6106ac6f92e}</UniqueIdentifier>
    </Filter>
    <Filter Include="Source Files\crypto\pqueue">
      <UniqueIdentifier>{9e90755c-29b9-4fe7-827b-cacf6a90126e}</UniqueIdentifier>
    </Filter>
    <Filter Include="Source Files\crypto\rand">
      <UniqueIdentifier>{b80ae3ff-b2a5-40c7-a2a2-3ff02ac4dc00}</UniqueIdentifier>
    </Filter>
    <Filter Include="Source Files\crypto\rc2">
      <UniqueIdentifier>{ec40db80-8fbb-42eb-80c7-66dd0273ca83}</UniqueIdentifier>
    </Filter>
    <Filter Include="Source Files\crypto\rc4">
      <UniqueIdentifier>{7901fb36-312b-4fdf-95e5-4fe7e9c41ce6}</UniqueIdentifier>
    </Filter>
    <Filter Include="Source Files\crypto\ripemd">
      <UniqueIdentifier>{53285c12-a48e-4709-9f3d-4e63175bb392}</UniqueIdentifier>
    </Filter>
    <Filter Include="Source Files\crypto\rsa">
      <UniqueIdentifier>{e2267b0f-b54d-430f-b649-cbdb17094601}</UniqueIdentifier>
    </Filter>
    <Filter Include="Source Files\crypto\sha">
      <UniqueIdentifier>{0d4bf785-b190-461a-974e-3aff7e26e5a6}</UniqueIdentifier>
    </Filter>
    <Filter Include="Source Files\crypto\stack">
      <UniqueIdentifier>{8d8503ff-9211-4c44-87c6-9569e30d6125}</UniqueIdentifier>
    </Filter>
    <Filter Include="Source Files\crypto\threads">
      <UniqueIdentifier>{9598d8e1-54c0-4509-a867-5d640f5e33ad}</UniqueIdentifier>
    </Filter>
    <Filter Include="Source Files\crypto\ts">
      <UniqueIdentifier>{87c712a2-079a-4cd2-aeb8-f6208ea932a0}</UniqueIdentifier>
    </Filter>
    <Filter Include="Source Files\crypto\txt_db">
      <UniqueIdentifier>{c84bc632-1c67-4b30-aefd-2ebde00c78d0}</UniqueIdentifier>
    </Filter>
    <Filter Include="Source Files\crypto\ui">
      <UniqueIdentifier>{a5309e63-74a4-4d0d-b656-1b517c84e00c}</UniqueIdentifier>
    </Filter>
    <Filter Include="Source Files\crypto\whrlpool">
      <UniqueIdentifier>{91279a63-3994-46fa-a75e-dab7634c3cf7}</UniqueIdentifier>
    </Filter>
    <Filter Include="Source Files\crypto\x509">
      <UniqueIdentifier>{4aaeda13-aa16-43fa-9ae9-b0426f822245}</UniqueIdentifier>
    </Filter>
    <Filter Include="Source Files\crypto\x509v3">
      <UniqueIdentifier>{2a2afae9-6524-4bda-ab85-82d7ae5c79b9}</UniqueIdentifier>
    </Filter>
    <Filter Include="Source Files\crypto\objects">
      <UniqueIdentifier>{0fb6ce4e-4bfe-4060-a394-68639da3a77d}</UniqueIdentifier>
    </Filter>
    <Filter Include="Source Files\crypto\seed">
      <UniqueIdentifier>{cbeb3e0c-c667-4080-9c2d-a65bd7fab131}</UniqueIdentifier>
    </Filter>
    <Filter Include="Source Files\crypto\srp">
      <UniqueIdentifier>{c1f88d2c-27d5-4a64-9f5c-c8f667a4d21e}</UniqueIdentifier>
    </Filter>
    <Filter Include="Source Files\crypto\cmac">
      <UniqueIdentifier>{78611d75-8ca0-4a30-8329-6803c17096db}</UniqueIdentifier>
    </Filter>
  </ItemGroup>
  <ItemGroup>
    <None Include="ReadMe.txt" />
    <None Include="LICENSE" />
  </ItemGroup>
  <ItemGroup>
    <ClInclude Include="include\openssl\aes.h">
      <Filter>Header Files\openssl</Filter>
    </ClInclude>
    <ClInclude Include="include\openssl\x509v3.h">
      <Filter>Header Files\openssl</Filter>
    </ClInclude>
    <ClInclude Include="include\openssl\asn1.h">
      <Filter>Header Files\openssl</Filter>
    </ClInclude>
    <ClInclude Include="include\openssl\asn1_mac.h">
      <Filter>Header Files\openssl</Filter>
    </ClInclude>
    <ClInclude Include="include\openssl\asn1t.h">
      <Filter>Header Files\openssl</Filter>
    </ClInclude>
    <ClInclude Include="include\openssl\bio.h">
      <Filter>Header Files\openssl</Filter>
    </ClInclude>
    <ClInclude Include="include\openssl\blowfish.h">
      <Filter>Header Files\openssl</Filter>
    </ClInclude>
    <ClInclude Include="include\openssl\bn.h">
      <Filter>Header Files\openssl</Filter>
    </ClInclude>
    <ClInclude Include="include\openssl\buffer.h">
      <Filter>Header Files\openssl</Filter>
    </ClInclude>
    <ClInclude Include="include\openssl\camellia.h">
      <Filter>Header Files\openssl</Filter>
    </ClInclude>
    <ClInclude Include="include\openssl\cast.h">
      <Filter>Header Files\openssl</Filter>
    </ClInclude>
    <ClInclude Include="include\openssl\cms.h">
      <Filter>Header Files\openssl</Filter>
    </ClInclude>
    <ClInclude Include="include\openssl\comp.h">
      <Filter>Header Files\openssl</Filter>
    </ClInclude>
    <ClInclude Include="include\openssl\conf.h">
      <Filter>Header Files\openssl</Filter>
    </ClInclude>
    <ClInclude Include="include\openssl\conf_api.h">
      <Filter>Header Files\openssl</Filter>
    </ClInclude>
    <ClInclude Include="include\openssl\crypto.h">
      <Filter>Header Files\openssl</Filter>
    </ClInclude>
    <ClInclude Include="include\openssl\des.h">
      <Filter>Header Files\openssl</Filter>
    </ClInclude>
    <ClInclude Include="include\openssl\des_old.h">
      <Filter>Header Files\openssl</Filter>
    </ClInclude>
    <ClInclude Include="include\openssl\dh.h">
      <Filter>Header Files\openssl</Filter>
    </ClInclude>
    <ClInclude Include="include\openssl\dsa.h">
      <Filter>Header Files\openssl</Filter>
    </ClInclude>
    <ClInclude Include="include\openssl\dso.h">
      <Filter>Header Files\openssl</Filter>
    </ClInclude>
    <ClInclude Include="include\openssl\dtls1.h">
      <Filter>Header Files\openssl</Filter>
    </ClInclude>
    <ClInclude Include="include\openssl\e_os2.h">
      <Filter>Header Files\openssl</Filter>
    </ClInclude>
    <ClInclude Include="include\openssl\ebcdic.h">
      <Filter>Header Files\openssl</Filter>
    </ClInclude>
    <ClInclude Include="include\openssl\ec.h">
      <Filter>Header Files\openssl</Filter>
    </ClInclude>
    <ClInclude Include="include\openssl\ecdh.h">
      <Filter>Header Files\openssl</Filter>
    </ClInclude>
    <ClInclude Include="include\openssl\ecdsa.h">
      <Filter>Header Files\openssl</Filter>
    </ClInclude>
    <ClInclude Include="include\openssl\engine.h">
      <Filter>Header Files\openssl</Filter>
    </ClInclude>
    <ClInclude Include="include\openssl\err.h">
      <Filter>Header Files\openssl</Filter>
    </ClInclude>
    <ClInclude Include="include\openssl\evp.h">
      <Filter>Header Files\openssl</Filter>
    </ClInclude>
    <ClInclude Include="include\openssl\hmac.h">
      <Filter>Header Files\openssl</Filter>
    </ClInclude>
    <ClInclude Include="include\openssl\idea.h">
      <Filter>Header Files\openssl</Filter>
    </ClInclude>
    <ClInclude Include="include\openssl\krb5_asn.h">
      <Filter>Header Files\openssl</Filter>
    </ClInclude>
    <ClInclude Include="include\openssl\kssl.h">
      <Filter>Header Files\openssl</Filter>
    </ClInclude>
    <ClInclude Include="include\openssl\lhash.h">
      <Filter>Header Files\openssl</Filter>
    </ClInclude>
    <ClInclude Include="include\openssl\md4.h">
      <Filter>Header Files\openssl</Filter>
    </ClInclude>
    <ClInclude Include="include\openssl\md5.h">
      <Filter>Header Files\openssl</Filter>
    </ClInclude>
    <ClInclude Include="include\openssl\mdc2.h">
      <Filter>Header Files\openssl</Filter>
    </ClInclude>
    <ClInclude Include="include\openssl\modes.h">
      <Filter>Header Files\openssl</Filter>
    </ClInclude>
    <ClInclude Include="include\openssl\obj_mac.h">
      <Filter>Header Files\openssl</Filter>
    </ClInclude>
    <ClInclude Include="include\openssl\objects.h">
      <Filter>Header Files\openssl</Filter>
    </ClInclude>
    <ClInclude Include="include\openssl\ocsp.h">
      <Filter>Header Files\openssl</Filter>
    </ClInclude>
    <ClInclude Include="include\openssl\opensslconf.h">
      <Filter>Header Files\openssl</Filter>
    </ClInclude>
    <ClInclude Include="include\openssl\opensslv.h">
      <Filter>Header Files\openssl</Filter>
    </ClInclude>
    <ClInclude Include="include\openssl\ossl_typ.h">
      <Filter>Header Files\openssl</Filter>
    </ClInclude>
    <ClInclude Include="include\openssl\pem.h">
      <Filter>Header Files\openssl</Filter>
    </ClInclude>
    <ClInclude Include="include\openssl\pem2.h">
      <Filter>Header Files\openssl</Filter>
    </ClInclude>
    <ClInclude Include="include\openssl\pkcs12.h">
      <Filter>Header Files\openssl</Filter>
    </ClInclude>
    <ClInclude Include="include\openssl\pkcs7.h">
      <Filter>Header Files\openssl</Filter>
    </ClInclude>
    <ClInclude Include="include\openssl\pqueue.h">
      <Filter>Header Files\openssl</Filter>
    </ClInclude>
    <ClInclude Include="include\openssl\rand.h">
      <Filter>Header Files\openssl</Filter>
    </ClInclude>
    <ClInclude Include="include\openssl\rc2.h">
      <Filter>Header Files\openssl</Filter>
    </ClInclude>
    <ClInclude Include="include\openssl\rc4.h">
      <Filter>Header Files\openssl</Filter>
    </ClInclude>
    <ClInclude Include="include\openssl\ripemd.h">
      <Filter>Header Files\openssl</Filter>
    </ClInclude>
    <ClInclude Include="include\openssl\rsa.h">
      <Filter>Header Files\openssl</Filter>
    </ClInclude>
    <ClInclude Include="include\openssl\safestack.h">
      <Filter>Header Files\openssl</Filter>
    </ClInclude>
    <ClInclude Include="include\openssl\seed.h">
      <Filter>Header Files\openssl</Filter>
    </ClInclude>
    <ClInclude Include="include\openssl\sha.h">
      <Filter>Header Files\openssl</Filter>
    </ClInclude>
    <ClInclude Include="include\openssl\ssl.h">
      <Filter>Header Files\openssl</Filter>
    </ClInclude>
    <ClInclude Include="include\openssl\ssl2.h">
      <Filter>Header Files\openssl</Filter>
    </ClInclude>
    <ClInclude Include="include\openssl\ssl23.h">
      <Filter>Header Files\openssl</Filter>
    </ClInclude>
    <ClInclude Include="include\openssl\ssl3.h">
      <Filter>Header Files\openssl</Filter>
    </ClInclude>
    <ClInclude Include="include\openssl\stack.h">
      <Filter>Header Files\openssl</Filter>
    </ClInclude>
    <ClInclude Include="include\openssl\symhacks.h">
      <Filter>Header Files\openssl</Filter>
    </ClInclude>
    <ClInclude Include="include\openssl\tls1.h">
      <Filter>Header Files\openssl</Filter>
    </ClInclude>
    <ClInclude Include="include\openssl\ts.h">
      <Filter>Header Files\openssl</Filter>
    </ClInclude>
    <ClInclude Include="include\openssl\txt_db.h">
      <Filter>Header Files\openssl</Filter>
    </ClInclude>
    <ClInclude Include="include\openssl\ui.h">
      <Filter>Header Files\openssl</Filter>
    </ClInclude>
    <ClInclude Include="include\openssl\ui_compat.h">
      <Filter>Header Files\openssl</Filter>
    </ClInclude>
    <ClInclude Include="include\openssl\whrlpool.h">
      <Filter>Header Files\openssl</Filter>
    </ClInclude>
    <ClInclude Include="include\openssl\x509.h">
      <Filter>Header Files\openssl</Filter>
    </ClInclude>
    <ClInclude Include="include\openssl\x509_vfy.h">
      <Filter>Header Files\openssl</Filter>
    </ClInclude>
    <ClInclude Include="e_os.h">
      <Filter>Header Files</Filter>
    </ClInclude>
    <ClInclude Include="e_os2.h">
      <Filter>Header Files</Filter>
    </ClInclude>
    <ClInclude Include="crypto\asn1\asn1_int.h">
      <Filter>Header Files\openssl</Filter>
    </ClInclude>
  </ItemGroup>
  <ItemGroup>
    <ClCompile Include="ssl\bio_ssl.c">
      <Filter>Source Files\ssl</Filter>
    </ClCompile>
    <ClCompile Include="ssl\d1_both.c">
      <Filter>Source Files\ssl</Filter>
    </ClCompile>
    <ClCompile Include="ssl\d1_clnt.c">
      <Filter>Source Files\ssl</Filter>
    </ClCompile>
    <ClCompile Include="ssl\d1_lib.c">
      <Filter>Source Files\ssl</Filter>
    </ClCompile>
    <ClCompile Include="ssl\d1_meth.c">
      <Filter>Source Files\ssl</Filter>
    </ClCompile>
    <ClCompile Include="ssl\d1_pkt.c">
      <Filter>Source Files\ssl</Filter>
    </ClCompile>
    <ClCompile Include="ssl\d1_srvr.c">
      <Filter>Source Files\ssl</Filter>
    </ClCompile>
    <ClCompile Include="ssl\kssl.c">
      <Filter>Source Files\ssl</Filter>
    </ClCompile>
    <ClCompile Include="ssl\s2_clnt.c">
      <Filter>Source Files\ssl</Filter>
    </ClCompile>
    <ClCompile Include="ssl\s2_enc.c">
      <Filter>Source Files\ssl</Filter>
    </ClCompile>
    <ClCompile Include="ssl\s2_lib.c">
      <Filter>Source Files\ssl</Filter>
    </ClCompile>
    <ClCompile Include="ssl\s2_meth.c">
      <Filter>Source Files\ssl</Filter>
    </ClCompile>
    <ClCompile Include="ssl\s2_pkt.c">
      <Filter>Source Files\ssl</Filter>
    </ClCompile>
    <ClCompile Include="ssl\s2_srvr.c">
      <Filter>Source Files\ssl</Filter>
    </ClCompile>
    <ClCompile Include="ssl\s3_both.c">
      <Filter>Source Files\ssl</Filter>
    </ClCompile>
    <ClCompile Include="ssl\s3_cbc.c">
      <Filter>Source Files\ssl</Filter>
    </ClCompile>
    <ClCompile Include="ssl\s3_clnt.c">
      <Filter>Source Files\ssl</Filter>
    </ClCompile>
    <ClCompile Include="ssl\s3_enc.c">
      <Filter>Source Files\ssl</Filter>
    </ClCompile>
    <ClCompile Include="ssl\s3_lib.c">
      <Filter>Source Files\ssl</Filter>
    </ClCompile>
    <ClCompile Include="ssl\s3_meth.c">
      <Filter>Source Files\ssl</Filter>
    </ClCompile>
    <ClCompile Include="ssl\s3_pkt.c">
      <Filter>Source Files\ssl</Filter>
    </ClCompile>
    <ClCompile Include="ssl\s3_srvr.c">
      <Filter>Source Files\ssl</Filter>
    </ClCompile>
    <ClCompile Include="ssl\s23_clnt.c">
      <Filter>Source Files\ssl</Filter>
    </ClCompile>
    <ClCompile Include="ssl\s23_lib.c">
      <Filter>Source Files\ssl</Filter>
    </ClCompile>
    <ClCompile Include="ssl\s23_meth.c">
      <Filter>Source Files\ssl</Filter>
    </ClCompile>
    <ClCompile Include="ssl\s23_pkt.c">
      <Filter>Source Files\ssl</Filter>
    </ClCompile>
    <ClCompile Include="ssl\s23_srvr.c">
      <Filter>Source Files\ssl</Filter>
    </ClCompile>
    <ClCompile Include="ssl\ssl_algs.c">
      <Filter>Source Files\ssl</Filter>
    </ClCompile>
    <ClCompile Include="ssl\ssl_asn1.c">
      <Filter>Source Files\ssl</Filter>
    </ClCompile>
    <ClCompile Include="ssl\ssl_cert.c">
      <Filter>Source Files\ssl</Filter>
    </ClCompile>
    <ClCompile Include="ssl\ssl_ciph.c">
      <Filter>Source Files\ssl</Filter>
    </ClCompile>
    <ClCompile Include="ssl\ssl_err2.c">
      <Filter>Source Files\ssl</Filter>
    </ClCompile>
    <ClCompile Include="ssl\ssl_err.c">
      <Filter>Source Files\ssl</Filter>
    </ClCompile>
    <ClCompile Include="ssl\ssl_lib.c">
      <Filter>Source Files\ssl</Filter>
    </ClCompile>
    <ClCompile Include="ssl\ssl_rsa.c">
      <Filter>Source Files\ssl</Filter>
    </ClCompile>
    <ClCompile Include="ssl\ssl_sess.c">
      <Filter>Source Files\ssl</Filter>
    </ClCompile>
    <ClCompile Include="ssl\ssl_stat.c">
      <Filter>Source Files\ssl</Filter>
    </ClCompile>
    <ClCompile Include="ssl\ssl_txt.c">
      <Filter>Source Files\ssl</Filter>
    </ClCompile>
    <ClCompile Include="ssl\t1_clnt.c">
      <Filter>Source Files\ssl</Filter>
    </ClCompile>
    <ClCompile Include="ssl\t1_enc.c">
      <Filter>Source Files\ssl</Filter>
    </ClCompile>
    <ClCompile Include="ssl\t1_lib.c">
      <Filter>Source Files\ssl</Filter>
    </ClCompile>
    <ClCompile Include="ssl\t1_meth.c">
      <Filter>Source Files\ssl</Filter>
    </ClCompile>
    <ClCompile Include="ssl\t1_reneg.c">
      <Filter>Source Files\ssl</Filter>
    </ClCompile>
    <ClCompile Include="ssl\t1_srvr.c">
      <Filter>Source Files\ssl</Filter>
    </ClCompile>
    <ClCompile Include="crypto\cpt_err.c">
      <Filter>Source Files\crypto</Filter>
    </ClCompile>
    <ClCompile Include="crypto\cryptlib.c">
      <Filter>Source Files\crypto</Filter>
    </ClCompile>
    <ClCompile Include="crypto\cversion.c">
      <Filter>Source Files\crypto</Filter>
    </ClCompile>
    <ClCompile Include="crypto\ebcdic.c">
      <Filter>Source Files\crypto</Filter>
    </ClCompile>
    <ClCompile Include="crypto\ex_data.c">
      <Filter>Source Files\crypto</Filter>
    </ClCompile>
    <ClCompile Include="crypto\mem.c">
      <Filter>Source Files\crypto</Filter>
    </ClCompile>
    <ClCompile Include="crypto\mem_clr.c">
      <Filter>Source Files\crypto</Filter>
    </ClCompile>
    <ClCompile Include="crypto\mem_dbg.c">
      <Filter>Source Files\crypto</Filter>
    </ClCompile>
    <ClCompile Include="crypto\o_dir.c">
      <Filter>Source Files\crypto</Filter>
    </ClCompile>
    <ClCompile Include="crypto\o_str.c">
      <Filter>Source Files\crypto</Filter>
    </ClCompile>
    <ClCompile Include="crypto\uid.c">
      <Filter>Source Files\crypto</Filter>
    </ClCompile>
    <ClCompile Include="crypto\aes\aes_cbc.c">
      <Filter>Source Files\crypto\aes</Filter>
    </ClCompile>
    <ClCompile Include="crypto\aes\aes_cfb.c">
      <Filter>Source Files\crypto\aes</Filter>
    </ClCompile>
    <ClCompile Include="crypto\aes\aes_ctr.c">
      <Filter>Source Files\crypto\aes</Filter>
    </ClCompile>
    <ClCompile Include="crypto\aes\aes_ecb.c">
      <Filter>Source Files\crypto\aes</Filter>
    </ClCompile>
    <ClCompile Include="crypto\aes\aes_ige.c">
      <Filter>Source Files\crypto\aes</Filter>
    </ClCompile>
    <ClCompile Include="crypto\aes\aes_ofb.c">
      <Filter>Source Files\crypto\aes</Filter>
    </ClCompile>
    <ClCompile Include="crypto\aes\aes_wrap.c">
      <Filter>Source Files\crypto\aes</Filter>
    </ClCompile>
    <ClCompile Include="crypto\aes\aes_x86core.c">
      <Filter>Source Files\crypto\aes</Filter>
    </ClCompile>
    <ClCompile Include="crypto\asn1\a_bitstr.c">
      <Filter>Source Files\crypto\asn1</Filter>
    </ClCompile>
    <ClCompile Include="crypto\asn1\a_bool.c">
      <Filter>Source Files\crypto\asn1</Filter>
    </ClCompile>
    <ClCompile Include="crypto\asn1\a_bytes.c">
      <Filter>Source Files\crypto\asn1</Filter>
    </ClCompile>
    <ClCompile Include="crypto\asn1\a_d2i_fp.c">
      <Filter>Source Files\crypto\asn1</Filter>
    </ClCompile>
    <ClCompile Include="crypto\asn1\a_digest.c">
      <Filter>Source Files\crypto\asn1</Filter>
    </ClCompile>
    <ClCompile Include="crypto\asn1\a_dup.c">
      <Filter>Source Files\crypto\asn1</Filter>
    </ClCompile>
    <ClCompile Include="crypto\asn1\a_enum.c">
      <Filter>Source Files\crypto\asn1</Filter>
    </ClCompile>
    <ClCompile Include="crypto\asn1\a_gentm.c">
      <Filter>Source Files\crypto\asn1</Filter>
    </ClCompile>
    <ClCompile Include="crypto\asn1\a_i2d_fp.c">
      <Filter>Source Files\crypto\asn1</Filter>
    </ClCompile>
    <ClCompile Include="crypto\asn1\a_int.c">
      <Filter>Source Files\crypto\asn1</Filter>
    </ClCompile>
    <ClCompile Include="crypto\asn1\a_mbstr.c">
      <Filter>Source Files\crypto\asn1</Filter>
    </ClCompile>
    <ClCompile Include="crypto\asn1\a_object.c">
      <Filter>Source Files\crypto\asn1</Filter>
    </ClCompile>
    <ClCompile Include="crypto\asn1\a_octet.c">
      <Filter>Source Files\crypto\asn1</Filter>
    </ClCompile>
    <ClCompile Include="crypto\asn1\a_print.c">
      <Filter>Source Files\crypto\asn1</Filter>
    </ClCompile>
    <ClCompile Include="crypto\asn1\a_set.c">
      <Filter>Source Files\crypto\asn1</Filter>
    </ClCompile>
    <ClCompile Include="crypto\asn1\a_sign.c">
      <Filter>Source Files\crypto\asn1</Filter>
    </ClCompile>
    <ClCompile Include="crypto\asn1\a_strex.c">
      <Filter>Source Files\crypto\asn1</Filter>
    </ClCompile>
    <ClCompile Include="crypto\asn1\a_strnid.c">
      <Filter>Source Files\crypto\asn1</Filter>
    </ClCompile>
    <ClCompile Include="crypto\asn1\a_time.c">
      <Filter>Source Files\crypto\asn1</Filter>
    </ClCompile>
    <ClCompile Include="crypto\asn1\a_type.c">
      <Filter>Source Files\crypto\asn1</Filter>
    </ClCompile>
    <ClCompile Include="crypto\asn1\a_utctm.c">
      <Filter>Source Files\crypto\asn1</Filter>
    </ClCompile>
    <ClCompile Include="crypto\asn1\a_utf8.c">
      <Filter>Source Files\crypto\asn1</Filter>
    </ClCompile>
    <ClCompile Include="crypto\asn1\a_verify.c">
      <Filter>Source Files\crypto\asn1</Filter>
    </ClCompile>
    <ClCompile Include="crypto\asn1\ameth_lib.c">
      <Filter>Source Files\crypto\asn1</Filter>
    </ClCompile>
    <ClCompile Include="crypto\asn1\asn1_err.c">
      <Filter>Source Files\crypto\asn1</Filter>
    </ClCompile>
    <ClCompile Include="crypto\asn1\asn1_gen.c">
      <Filter>Source Files\crypto\asn1</Filter>
    </ClCompile>
    <ClCompile Include="crypto\asn1\asn1_lib.c">
      <Filter>Source Files\crypto\asn1</Filter>
    </ClCompile>
    <ClCompile Include="crypto\asn1\asn1_par.c">
      <Filter>Source Files\crypto\asn1</Filter>
    </ClCompile>
    <ClCompile Include="crypto\asn1\asn_mime.c">
      <Filter>Source Files\crypto\asn1</Filter>
    </ClCompile>
    <ClCompile Include="crypto\asn1\asn_moid.c">
      <Filter>Source Files\crypto\asn1</Filter>
    </ClCompile>
    <ClCompile Include="crypto\asn1\asn_pack.c">
      <Filter>Source Files\crypto\asn1</Filter>
    </ClCompile>
    <ClCompile Include="crypto\asn1\bio_asn1.c">
      <Filter>Source Files\crypto\asn1</Filter>
    </ClCompile>
    <ClCompile Include="crypto\asn1\bio_ndef.c">
      <Filter>Source Files\crypto\asn1</Filter>
    </ClCompile>
    <ClCompile Include="crypto\asn1\d2i_pr.c">
      <Filter>Source Files\crypto\asn1</Filter>
    </ClCompile>
    <ClCompile Include="crypto\asn1\d2i_pu.c">
      <Filter>Source Files\crypto\asn1</Filter>
    </ClCompile>
    <ClCompile Include="crypto\asn1\evp_asn1.c">
      <Filter>Source Files\crypto\asn1</Filter>
    </ClCompile>
    <ClCompile Include="crypto\asn1\f_enum.c">
      <Filter>Source Files\crypto\asn1</Filter>
    </ClCompile>
    <ClCompile Include="crypto\asn1\f_int.c">
      <Filter>Source Files\crypto\asn1</Filter>
    </ClCompile>
    <ClCompile Include="crypto\asn1\f_string.c">
      <Filter>Source Files\crypto\asn1</Filter>
    </ClCompile>
    <ClCompile Include="crypto\asn1\i2d_pr.c">
      <Filter>Source Files\crypto\asn1</Filter>
    </ClCompile>
    <ClCompile Include="crypto\asn1\i2d_pu.c">
      <Filter>Source Files\crypto\asn1</Filter>
    </ClCompile>
    <ClCompile Include="crypto\asn1\n_pkey.c">
      <Filter>Source Files\crypto\asn1</Filter>
    </ClCompile>
    <ClCompile Include="crypto\asn1\nsseq.c">
      <Filter>Source Files\crypto\asn1</Filter>
    </ClCompile>
    <ClCompile Include="crypto\asn1\p5_pbe.c">
      <Filter>Source Files\crypto\asn1</Filter>
    </ClCompile>
    <ClCompile Include="crypto\asn1\p5_pbev2.c">
      <Filter>Source Files\crypto\asn1</Filter>
    </ClCompile>
    <ClCompile Include="crypto\asn1\p8_pkey.c">
      <Filter>Source Files\crypto\asn1</Filter>
    </ClCompile>
    <ClCompile Include="crypto\asn1\t_bitst.c">
      <Filter>Source Files\crypto\asn1</Filter>
    </ClCompile>
    <ClCompile Include="crypto\asn1\t_crl.c">
      <Filter>Source Files\crypto\asn1</Filter>
    </ClCompile>
    <ClCompile Include="crypto\asn1\t_pkey.c">
      <Filter>Source Files\crypto\asn1</Filter>
    </ClCompile>
    <ClCompile Include="crypto\asn1\t_req.c">
      <Filter>Source Files\crypto\asn1</Filter>
    </ClCompile>
    <ClCompile Include="crypto\asn1\t_spki.c">
      <Filter>Source Files\crypto\asn1</Filter>
    </ClCompile>
    <ClCompile Include="crypto\asn1\t_x509.c">
      <Filter>Source Files\crypto\asn1</Filter>
    </ClCompile>
    <ClCompile Include="crypto\asn1\t_x509a.c">
      <Filter>Source Files\crypto\asn1</Filter>
    </ClCompile>
    <ClCompile Include="crypto\asn1\tasn_dec.c">
      <Filter>Source Files\crypto\asn1</Filter>
    </ClCompile>
    <ClCompile Include="crypto\asn1\tasn_enc.c">
      <Filter>Source Files\crypto\asn1</Filter>
    </ClCompile>
    <ClCompile Include="crypto\asn1\tasn_fre.c">
      <Filter>Source Files\crypto\asn1</Filter>
    </ClCompile>
    <ClCompile Include="crypto\asn1\tasn_new.c">
      <Filter>Source Files\crypto\asn1</Filter>
    </ClCompile>
    <ClCompile Include="crypto\asn1\tasn_prn.c">
      <Filter>Source Files\crypto\asn1</Filter>
    </ClCompile>
    <ClCompile Include="crypto\asn1\tasn_typ.c">
      <Filter>Source Files\crypto\asn1</Filter>
    </ClCompile>
    <ClCompile Include="crypto\asn1\tasn_utl.c">
      <Filter>Source Files\crypto\asn1</Filter>
    </ClCompile>
    <ClCompile Include="crypto\asn1\x_algor.c">
      <Filter>Source Files\crypto\asn1</Filter>
    </ClCompile>
    <ClCompile Include="crypto\asn1\x_attrib.c">
      <Filter>Source Files\crypto\asn1</Filter>
    </ClCompile>
    <ClCompile Include="crypto\asn1\x_bignum.c">
      <Filter>Source Files\crypto\asn1</Filter>
    </ClCompile>
    <ClCompile Include="crypto\asn1\x_crl.c">
      <Filter>Source Files\crypto\asn1</Filter>
    </ClCompile>
    <ClCompile Include="crypto\asn1\x_exten.c">
      <Filter>Source Files\crypto\asn1</Filter>
    </ClCompile>
    <ClCompile Include="crypto\asn1\x_info.c">
      <Filter>Source Files\crypto\asn1</Filter>
    </ClCompile>
    <ClCompile Include="crypto\asn1\x_long.c">
      <Filter>Source Files\crypto\asn1</Filter>
    </ClCompile>
    <ClCompile Include="crypto\asn1\x_name.c">
      <Filter>Source Files\crypto\asn1</Filter>
    </ClCompile>
    <ClCompile Include="crypto\asn1\x_nx509.c">
      <Filter>Source Files\crypto\asn1</Filter>
    </ClCompile>
    <ClCompile Include="crypto\asn1\x_pkey.c">
      <Filter>Source Files\crypto\asn1</Filter>
    </ClCompile>
    <ClCompile Include="crypto\asn1\x_pubkey.c">
      <Filter>Source Files\crypto\asn1</Filter>
    </ClCompile>
    <ClCompile Include="crypto\asn1\x_req.c">
      <Filter>Source Files\crypto\asn1</Filter>
    </ClCompile>
    <ClCompile Include="crypto\asn1\x_sig.c">
      <Filter>Source Files\crypto\asn1</Filter>
    </ClCompile>
    <ClCompile Include="crypto\asn1\x_spki.c">
      <Filter>Source Files\crypto\asn1</Filter>
    </ClCompile>
    <ClCompile Include="crypto\asn1\x_val.c">
      <Filter>Source Files\crypto\asn1</Filter>
    </ClCompile>
    <ClCompile Include="crypto\asn1\x_x509.c">
      <Filter>Source Files\crypto\asn1</Filter>
    </ClCompile>
    <ClCompile Include="crypto\asn1\x_x509a.c">
      <Filter>Source Files\crypto\asn1</Filter>
    </ClCompile>
    <ClCompile Include="crypto\bf\bf_cfb64.c">
      <Filter>Source Files\crypto\bf</Filter>
    </ClCompile>
    <ClCompile Include="crypto\bf\bf_ecb.c">
      <Filter>Source Files\crypto\bf</Filter>
    </ClCompile>
    <ClCompile Include="crypto\bf\bf_enc.c">
      <Filter>Source Files\crypto\bf</Filter>
    </ClCompile>
    <ClCompile Include="crypto\bf\bf_ofb64.c">
      <Filter>Source Files\crypto\bf</Filter>
    </ClCompile>
    <ClCompile Include="crypto\bf\bf_skey.c">
      <Filter>Source Files\crypto\bf</Filter>
    </ClCompile>
    <ClCompile Include="crypto\bio\b_dump.c">
      <Filter>Source Files\crypto\bio</Filter>
    </ClCompile>
    <ClCompile Include="crypto\bio\b_print.c">
      <Filter>Source Files\crypto\bio</Filter>
    </ClCompile>
    <ClCompile Include="crypto\bio\b_sock.c">
      <Filter>Source Files\crypto\bio</Filter>
    </ClCompile>
    <ClCompile Include="crypto\bio\bf_buff.c">
      <Filter>Source Files\crypto\bio</Filter>
    </ClCompile>
    <ClCompile Include="crypto\bio\bf_lbuf.c">
      <Filter>Source Files\crypto\bio</Filter>
    </ClCompile>
    <ClCompile Include="crypto\bio\bf_nbio.c">
      <Filter>Source Files\crypto\bio</Filter>
    </ClCompile>
    <ClCompile Include="crypto\bio\bf_null.c">
      <Filter>Source Files\crypto\bio</Filter>
    </ClCompile>
    <ClCompile Include="crypto\bio\bio_cb.c">
      <Filter>Source Files\crypto\bio</Filter>
    </ClCompile>
    <ClCompile Include="crypto\bio\bio_err.c">
      <Filter>Source Files\crypto\bio</Filter>
    </ClCompile>
    <ClCompile Include="crypto\bio\bio_lib.c">
      <Filter>Source Files\crypto\bio</Filter>
    </ClCompile>
    <ClCompile Include="crypto\bio\bss_acpt.c">
      <Filter>Source Files\crypto\bio</Filter>
    </ClCompile>
    <ClCompile Include="crypto\bio\bss_bio.c">
      <Filter>Source Files\crypto\bio</Filter>
    </ClCompile>
    <ClCompile Include="crypto\bio\bss_conn.c">
      <Filter>Source Files\crypto\bio</Filter>
    </ClCompile>
    <ClCompile Include="crypto\bio\bss_dgram.c">
      <Filter>Source Files\crypto\bio</Filter>
    </ClCompile>
    <ClCompile Include="crypto\bio\bss_fd.c">
      <Filter>Source Files\crypto\bio</Filter>
    </ClCompile>
    <ClCompile Include="crypto\bio\bss_file.c">
      <Filter>Source Files\crypto\bio</Filter>
    </ClCompile>
    <ClCompile Include="crypto\bio\bss_log.c">
      <Filter>Source Files\crypto\bio</Filter>
    </ClCompile>
    <ClCompile Include="crypto\bio\bss_mem.c">
      <Filter>Source Files\crypto\bio</Filter>
    </ClCompile>
    <ClCompile Include="crypto\bio\bss_null.c">
      <Filter>Source Files\crypto\bio</Filter>
    </ClCompile>
    <ClCompile Include="crypto\bio\bss_sock.c">
      <Filter>Source Files\crypto\bio</Filter>
    </ClCompile>
    <ClCompile Include="crypto\bn\bn_add.c">
      <Filter>Source Files\crypto\bn</Filter>
    </ClCompile>
    <ClCompile Include="crypto\bn\bn_blind.c">
      <Filter>Source Files\crypto\bn</Filter>
    </ClCompile>
    <ClCompile Include="crypto\bn\bn_const.c">
      <Filter>Source Files\crypto\bn</Filter>
    </ClCompile>
    <ClCompile Include="crypto\bn\bn_ctx.c">
      <Filter>Source Files\crypto\bn</Filter>
    </ClCompile>
    <ClCompile Include="crypto\bn\bn_depr.c">
      <Filter>Source Files\crypto\bn</Filter>
    </ClCompile>
    <ClCompile Include="crypto\bn\bn_div.c">
      <Filter>Source Files\crypto\bn</Filter>
    </ClCompile>
    <ClCompile Include="crypto\bn\bn_err.c">
      <Filter>Source Files\crypto\bn</Filter>
    </ClCompile>
    <ClCompile Include="crypto\bn\bn_exp2.c">
      <Filter>Source Files\crypto\bn</Filter>
    </ClCompile>
    <ClCompile Include="crypto\bn\bn_exp.c">
      <Filter>Source Files\crypto\bn</Filter>
    </ClCompile>
    <ClCompile Include="crypto\bn\bn_gcd.c">
      <Filter>Source Files\crypto\bn</Filter>
    </ClCompile>
    <ClCompile Include="crypto\bn\bn_gf2m.c">
      <Filter>Source Files\crypto\bn</Filter>
    </ClCompile>
    <ClCompile Include="crypto\bn\bn_kron.c">
      <Filter>Source Files\crypto\bn</Filter>
    </ClCompile>
    <ClCompile Include="crypto\bn\bn_lib.c">
      <Filter>Source Files\crypto\bn</Filter>
    </ClCompile>
    <ClCompile Include="crypto\bn\bn_mod.c">
      <Filter>Source Files\crypto\bn</Filter>
    </ClCompile>
    <ClCompile Include="crypto\bn\bn_mont.c">
      <Filter>Source Files\crypto\bn</Filter>
    </ClCompile>
    <ClCompile Include="crypto\bn\bn_mpi.c">
      <Filter>Source Files\crypto\bn</Filter>
    </ClCompile>
    <ClCompile Include="crypto\bn\bn_mul.c">
      <Filter>Source Files\crypto\bn</Filter>
    </ClCompile>
    <ClCompile Include="crypto\bn\bn_nist.c">
      <Filter>Source Files\crypto\bn</Filter>
    </ClCompile>
    <ClCompile Include="crypto\bn\bn_prime.c">
      <Filter>Source Files\crypto\bn</Filter>
    </ClCompile>
    <ClCompile Include="crypto\bn\bn_print.c">
      <Filter>Source Files\crypto\bn</Filter>
    </ClCompile>
    <ClCompile Include="crypto\bn\bn_rand.c">
      <Filter>Source Files\crypto\bn</Filter>
    </ClCompile>
    <ClCompile Include="crypto\bn\bn_recp.c">
      <Filter>Source Files\crypto\bn</Filter>
    </ClCompile>
    <ClCompile Include="crypto\bn\bn_shift.c">
      <Filter>Source Files\crypto\bn</Filter>
    </ClCompile>
    <ClCompile Include="crypto\bn\bn_sqr.c">
      <Filter>Source Files\crypto\bn</Filter>
    </ClCompile>
    <ClCompile Include="crypto\bn\bn_sqrt.c">
      <Filter>Source Files\crypto\bn</Filter>
    </ClCompile>
    <ClCompile Include="crypto\bn\bn_word.c">
      <Filter>Source Files\crypto\bn</Filter>
    </ClCompile>
    <ClCompile Include="crypto\bn\vms-helper.c">
      <Filter>Source Files\crypto\bn</Filter>
    </ClCompile>
    <ClCompile Include="crypto\buffer\buffer.c">
      <Filter>Source Files\crypto\buffer</Filter>
    </ClCompile>
    <ClCompile Include="crypto\buffer\buf_err.c">
      <Filter>Source Files\crypto\buffer</Filter>
    </ClCompile>
    <ClCompile Include="crypto\camellia\camellia.c">
      <Filter>Source Files\crypto\camellia</Filter>
    </ClCompile>
    <ClCompile Include="crypto\camellia\cmll_cbc.c">
      <Filter>Source Files\crypto\camellia</Filter>
    </ClCompile>
    <ClCompile Include="crypto\camellia\cmll_cfb.c">
      <Filter>Source Files\crypto\camellia</Filter>
    </ClCompile>
    <ClCompile Include="crypto\camellia\cmll_ctr.c">
      <Filter>Source Files\crypto\camellia</Filter>
    </ClCompile>
    <ClCompile Include="crypto\camellia\cmll_ecb.c">
      <Filter>Source Files\crypto\camellia</Filter>
    </ClCompile>
    <ClCompile Include="crypto\camellia\cmll_misc.c">
      <Filter>Source Files\crypto\camellia</Filter>
    </ClCompile>
    <ClCompile Include="crypto\camellia\cmll_ofb.c">
      <Filter>Source Files\crypto\camellia</Filter>
    </ClCompile>
    <ClCompile Include="crypto\cast\c_cfb64.c">
      <Filter>Source Files\crypto\cast</Filter>
    </ClCompile>
    <ClCompile Include="crypto\cast\c_ecb.c">
      <Filter>Source Files\crypto\cast</Filter>
    </ClCompile>
    <ClCompile Include="crypto\cast\c_enc.c">
      <Filter>Source Files\crypto\cast</Filter>
    </ClCompile>
    <ClCompile Include="crypto\cast\c_ofb64.c">
      <Filter>Source Files\crypto\cast</Filter>
    </ClCompile>
    <ClCompile Include="crypto\cast\c_skey.c">
      <Filter>Source Files\crypto\cast</Filter>
    </ClCompile>
    <ClCompile Include="crypto\cms\cms_asn1.c">
      <Filter>Source Files\crypto\cms</Filter>
    </ClCompile>
    <ClCompile Include="crypto\cms\cms_att.c">
      <Filter>Source Files\crypto\cms</Filter>
    </ClCompile>
    <ClCompile Include="crypto\cms\cms_cd.c">
      <Filter>Source Files\crypto\cms</Filter>
    </ClCompile>
    <ClCompile Include="crypto\cms\cms_dd.c">
      <Filter>Source Files\crypto\cms</Filter>
    </ClCompile>
    <ClCompile Include="crypto\cms\cms_enc.c">
      <Filter>Source Files\crypto\cms</Filter>
    </ClCompile>
    <ClCompile Include="crypto\cms\cms_env.c">
      <Filter>Source Files\crypto\cms</Filter>
    </ClCompile>
    <ClCompile Include="crypto\cms\cms_err.c">
      <Filter>Source Files\crypto\cms</Filter>
    </ClCompile>
    <ClCompile Include="crypto\cms\cms_ess.c">
      <Filter>Source Files\crypto\cms</Filter>
    </ClCompile>
    <ClCompile Include="crypto\cms\cms_io.c">
      <Filter>Source Files\crypto\cms</Filter>
    </ClCompile>
    <ClCompile Include="crypto\cms\cms_lib.c">
      <Filter>Source Files\crypto\cms</Filter>
    </ClCompile>
    <ClCompile Include="crypto\cms\cms_sd.c">
      <Filter>Source Files\crypto\cms</Filter>
    </ClCompile>
    <ClCompile Include="crypto\cms\cms_smime.c">
      <Filter>Source Files\crypto\cms</Filter>
    </ClCompile>
    <ClCompile Include="crypto\comp\comp_lib.c">
      <Filter>Source Files\crypto\comp</Filter>
    </ClCompile>
    <ClCompile Include="crypto\comp\c_rle.c">
      <Filter>Source Files\crypto\comp</Filter>
    </ClCompile>
    <ClCompile Include="crypto\comp\c_zlib.c">
      <Filter>Source Files\crypto\comp</Filter>
    </ClCompile>
    <ClCompile Include="crypto\comp\comp_err.c">
      <Filter>Source Files\crypto\comp</Filter>
    </ClCompile>
    <ClCompile Include="crypto\conf\conf_api.c">
      <Filter>Source Files\crypto\conf</Filter>
    </ClCompile>
    <ClCompile Include="crypto\conf\conf_def.c">
      <Filter>Source Files\crypto\conf</Filter>
    </ClCompile>
    <ClCompile Include="crypto\conf\conf_err.c">
      <Filter>Source Files\crypto\conf</Filter>
    </ClCompile>
    <ClCompile Include="crypto\conf\conf_lib.c">
      <Filter>Source Files\crypto\conf</Filter>
    </ClCompile>
    <ClCompile Include="crypto\conf\conf_mall.c">
      <Filter>Source Files\crypto\conf</Filter>
    </ClCompile>
    <ClCompile Include="crypto\conf\conf_mod.c">
      <Filter>Source Files\crypto\conf</Filter>
    </ClCompile>
    <ClCompile Include="crypto\conf\conf_sap.c">
      <Filter>Source Files\crypto\conf</Filter>
    </ClCompile>
    <ClCompile Include="crypto\des\cbc3_enc.c">
      <Filter>Source Files\crypto\des</Filter>
    </ClCompile>
    <ClCompile Include="crypto\des\cbc_cksm.c">
      <Filter>Source Files\crypto\des</Filter>
    </ClCompile>
    <ClCompile Include="crypto\des\cbc_enc.c">
      <Filter>Source Files\crypto\des</Filter>
    </ClCompile>
    <ClCompile Include="crypto\des\cfb64ede.c">
      <Filter>Source Files\crypto\des</Filter>
    </ClCompile>
    <ClCompile Include="crypto\des\cfb64enc.c">
      <Filter>Source Files\crypto\des</Filter>
    </ClCompile>
    <ClCompile Include="crypto\des\cfb_enc.c">
      <Filter>Source Files\crypto\des</Filter>
    </ClCompile>
    <ClCompile Include="crypto\des\des_enc.c">
      <Filter>Source Files\crypto\des</Filter>
    </ClCompile>
    <ClCompile Include="crypto\des\des_old2.c">
      <Filter>Source Files\crypto\des</Filter>
    </ClCompile>
    <ClCompile Include="crypto\des\des_old.c">
      <Filter>Source Files\crypto\des</Filter>
    </ClCompile>
    <ClCompile Include="crypto\des\ecb3_enc.c">
      <Filter>Source Files\crypto\des</Filter>
    </ClCompile>
    <ClCompile Include="crypto\des\ecb_enc.c">
      <Filter>Source Files\crypto\des</Filter>
    </ClCompile>
    <ClCompile Include="crypto\des\ede_cbcm_enc.c">
      <Filter>Source Files\crypto\des</Filter>
    </ClCompile>
    <ClCompile Include="crypto\des\enc_read.c">
      <Filter>Source Files\crypto\des</Filter>
    </ClCompile>
    <ClCompile Include="crypto\des\enc_writ.c">
      <Filter>Source Files\crypto\des</Filter>
    </ClCompile>
    <ClCompile Include="crypto\des\fcrypt.c">
      <Filter>Source Files\crypto\des</Filter>
    </ClCompile>
    <ClCompile Include="crypto\des\fcrypt_b.c">
      <Filter>Source Files\crypto\des</Filter>
    </ClCompile>
    <ClCompile Include="crypto\des\ofb64ede.c">
      <Filter>Source Files\crypto\des</Filter>
    </ClCompile>
    <ClCompile Include="crypto\des\ofb64enc.c">
      <Filter>Source Files\crypto\des</Filter>
    </ClCompile>
    <ClCompile Include="crypto\des\ofb_enc.c">
      <Filter>Source Files\crypto\des</Filter>
    </ClCompile>
    <ClCompile Include="crypto\des\pcbc_enc.c">
      <Filter>Source Files\crypto\des</Filter>
    </ClCompile>
    <ClCompile Include="crypto\des\qud_cksm.c">
      <Filter>Source Files\crypto\des</Filter>
    </ClCompile>
    <ClCompile Include="crypto\des\rand_key.c">
      <Filter>Source Files\crypto\des</Filter>
    </ClCompile>
    <ClCompile Include="crypto\des\read2pwd.c">
      <Filter>Source Files\crypto\des</Filter>
    </ClCompile>
    <ClCompile Include="crypto\des\rpc_enc.c">
      <Filter>Source Files\crypto\des</Filter>
    </ClCompile>
    <ClCompile Include="crypto\des\set_key.c">
      <Filter>Source Files\crypto\des</Filter>
    </ClCompile>
    <ClCompile Include="crypto\des\str2key.c">
      <Filter>Source Files\crypto\des</Filter>
    </ClCompile>
    <ClCompile Include="crypto\des\xcbc_enc.c">
      <Filter>Source Files\crypto\des</Filter>
    </ClCompile>
    <ClCompile Include="crypto\dh\dh_ameth.c">
      <Filter>Source Files\crypto\dh</Filter>
    </ClCompile>
    <ClCompile Include="crypto\dh\dh_asn1.c">
      <Filter>Source Files\crypto\dh</Filter>
    </ClCompile>
    <ClCompile Include="crypto\dh\dh_check.c">
      <Filter>Source Files\crypto\dh</Filter>
    </ClCompile>
    <ClCompile Include="crypto\dh\dh_depr.c">
      <Filter>Source Files\crypto\dh</Filter>
    </ClCompile>
    <ClCompile Include="crypto\dh\dh_err.c">
      <Filter>Source Files\crypto\dh</Filter>
    </ClCompile>
    <ClCompile Include="crypto\dh\dh_gen.c">
      <Filter>Source Files\crypto\dh</Filter>
    </ClCompile>
    <ClCompile Include="crypto\dh\dh_key.c">
      <Filter>Source Files\crypto\dh</Filter>
    </ClCompile>
    <ClCompile Include="crypto\dh\dh_lib.c">
      <Filter>Source Files\crypto\dh</Filter>
    </ClCompile>
    <ClCompile Include="crypto\dh\dh_pmeth.c">
      <Filter>Source Files\crypto\dh</Filter>
    </ClCompile>
    <ClCompile Include="crypto\dh\dh_prn.c">
      <Filter>Source Files\crypto\dh</Filter>
    </ClCompile>
    <ClCompile Include="crypto\dsa\dsa_ameth.c">
      <Filter>Source Files\crypto\dsa</Filter>
    </ClCompile>
    <ClCompile Include="crypto\dsa\dsa_asn1.c">
      <Filter>Source Files\crypto\dsa</Filter>
    </ClCompile>
    <ClCompile Include="crypto\dsa\dsa_depr.c">
      <Filter>Source Files\crypto\dsa</Filter>
    </ClCompile>
    <ClCompile Include="crypto\dsa\dsa_err.c">
      <Filter>Source Files\crypto\dsa</Filter>
    </ClCompile>
    <ClCompile Include="crypto\dsa\dsa_gen.c">
      <Filter>Source Files\crypto\dsa</Filter>
    </ClCompile>
    <ClCompile Include="crypto\dsa\dsa_key.c">
      <Filter>Source Files\crypto\dsa</Filter>
    </ClCompile>
    <ClCompile Include="crypto\dsa\dsa_lib.c">
      <Filter>Source Files\crypto\dsa</Filter>
    </ClCompile>
    <ClCompile Include="crypto\dsa\dsa_ossl.c">
      <Filter>Source Files\crypto\dsa</Filter>
    </ClCompile>
    <ClCompile Include="crypto\dsa\dsa_pmeth.c">
      <Filter>Source Files\crypto\dsa</Filter>
    </ClCompile>
    <ClCompile Include="crypto\dsa\dsa_prn.c">
      <Filter>Source Files\crypto\dsa</Filter>
    </ClCompile>
    <ClCompile Include="crypto\dsa\dsa_sign.c">
      <Filter>Source Files\crypto\dsa</Filter>
    </ClCompile>
    <ClCompile Include="crypto\dsa\dsa_vrf.c">
      <Filter>Source Files\crypto\dsa</Filter>
    </ClCompile>
    <ClCompile Include="crypto\dso\dso_win32.c">
      <Filter>Source Files\crypto\dso</Filter>
    </ClCompile>
    <ClCompile Include="crypto\dso\dso_err.c">
      <Filter>Source Files\crypto\dso</Filter>
    </ClCompile>
    <ClCompile Include="crypto\dso\dso_lib.c">
      <Filter>Source Files\crypto\dso</Filter>
    </ClCompile>
    <ClCompile Include="crypto\dso\dso_openssl.c">
      <Filter>Source Files\crypto\dso</Filter>
    </ClCompile>
    <ClCompile Include="crypto\ec\ec2_mult.c">
      <Filter>Source Files\crypto\ec</Filter>
    </ClCompile>
    <ClCompile Include="crypto\ec\ec2_smpl.c">
      <Filter>Source Files\crypto\ec</Filter>
    </ClCompile>
    <ClCompile Include="crypto\ec\ec_ameth.c">
      <Filter>Source Files\crypto\ec</Filter>
    </ClCompile>
    <ClCompile Include="crypto\ec\ec_asn1.c">
      <Filter>Source Files\crypto\ec</Filter>
    </ClCompile>
    <ClCompile Include="crypto\ec\ec_check.c">
      <Filter>Source Files\crypto\ec</Filter>
    </ClCompile>
    <ClCompile Include="crypto\ec\ec_curve.c">
      <Filter>Source Files\crypto\ec</Filter>
    </ClCompile>
    <ClCompile Include="crypto\ec\ec_cvt.c">
      <Filter>Source Files\crypto\ec</Filter>
    </ClCompile>
    <ClCompile Include="crypto\ec\ec_err.c">
      <Filter>Source Files\crypto\ec</Filter>
    </ClCompile>
    <ClCompile Include="crypto\ec\ec_key.c">
      <Filter>Source Files\crypto\ec</Filter>
    </ClCompile>
    <ClCompile Include="crypto\ec\ec_lib.c">
      <Filter>Source Files\crypto\ec</Filter>
    </ClCompile>
    <ClCompile Include="crypto\ec\ec_mult.c">
      <Filter>Source Files\crypto\ec</Filter>
    </ClCompile>
    <ClCompile Include="crypto\ec\ec_pmeth.c">
      <Filter>Source Files\crypto\ec</Filter>
    </ClCompile>
    <ClCompile Include="crypto\ec\ec_print.c">
      <Filter>Source Files\crypto\ec</Filter>
    </ClCompile>
    <ClCompile Include="crypto\ec\eck_prn.c">
      <Filter>Source Files\crypto\ec</Filter>
    </ClCompile>
    <ClCompile Include="crypto\ec\ecp_mont.c">
      <Filter>Source Files\crypto\ec</Filter>
    </ClCompile>
    <ClCompile Include="crypto\ec\ecp_nist.c">
      <Filter>Source Files\crypto\ec</Filter>
    </ClCompile>
    <ClCompile Include="crypto\ec\ecp_smpl.c">
      <Filter>Source Files\crypto\ec</Filter>
    </ClCompile>
    <ClCompile Include="crypto\ecdh\ech_ossl.c">
      <Filter>Source Files\crypto\ecdh</Filter>
    </ClCompile>
    <ClCompile Include="crypto\ecdh\ech_err.c">
      <Filter>Source Files\crypto\ecdh</Filter>
    </ClCompile>
    <ClCompile Include="crypto\ecdh\ech_key.c">
      <Filter>Source Files\crypto\ecdh</Filter>
    </ClCompile>
    <ClCompile Include="crypto\ecdh\ech_lib.c">
      <Filter>Source Files\crypto\ecdh</Filter>
    </ClCompile>
    <ClCompile Include="crypto\ecdsa\ecs_asn1.c">
      <Filter>Source Files\crypto\ecdsa</Filter>
    </ClCompile>
    <ClCompile Include="crypto\ecdsa\ecs_err.c">
      <Filter>Source Files\crypto\ecdsa</Filter>
    </ClCompile>
    <ClCompile Include="crypto\ecdsa\ecs_lib.c">
      <Filter>Source Files\crypto\ecdsa</Filter>
    </ClCompile>
    <ClCompile Include="crypto\ecdsa\ecs_ossl.c">
      <Filter>Source Files\crypto\ecdsa</Filter>
    </ClCompile>
    <ClCompile Include="crypto\ecdsa\ecs_sign.c">
      <Filter>Source Files\crypto\ecdsa</Filter>
    </ClCompile>
    <ClCompile Include="crypto\ecdsa\ecs_vrf.c">
      <Filter>Source Files\crypto\ecdsa</Filter>
    </ClCompile>
    <ClCompile Include="crypto\engine\eng_all.c">
      <Filter>Source Files\crypto\engine</Filter>
    </ClCompile>
    <ClCompile Include="crypto\engine\eng_cnf.c">
      <Filter>Source Files\crypto\engine</Filter>
    </ClCompile>
    <ClCompile Include="crypto\engine\eng_cryptodev.c">
      <Filter>Source Files\crypto\engine</Filter>
    </ClCompile>
    <ClCompile Include="crypto\engine\eng_ctrl.c">
      <Filter>Source Files\crypto\engine</Filter>
    </ClCompile>
    <ClCompile Include="crypto\engine\eng_dyn.c">
      <Filter>Source Files\crypto\engine</Filter>
    </ClCompile>
    <ClCompile Include="crypto\engine\eng_err.c">
      <Filter>Source Files\crypto\engine</Filter>
    </ClCompile>
    <ClCompile Include="crypto\engine\eng_fat.c">
      <Filter>Source Files\crypto\engine</Filter>
    </ClCompile>
    <ClCompile Include="crypto\engine\eng_init.c">
      <Filter>Source Files\crypto\engine</Filter>
    </ClCompile>
    <ClCompile Include="crypto\engine\eng_lib.c">
      <Filter>Source Files\crypto\engine</Filter>
    </ClCompile>
    <ClCompile Include="crypto\engine\eng_list.c">
      <Filter>Source Files\crypto\engine</Filter>
    </ClCompile>
    <ClCompile Include="crypto\engine\eng_openssl.c">
      <Filter>Source Files\crypto\engine</Filter>
    </ClCompile>
    <ClCompile Include="crypto\engine\eng_pkey.c">
      <Filter>Source Files\crypto\engine</Filter>
    </ClCompile>
    <ClCompile Include="crypto\engine\eng_table.c">
      <Filter>Source Files\crypto\engine</Filter>
    </ClCompile>
    <ClCompile Include="crypto\engine\tb_asnmth.c">
      <Filter>Source Files\crypto\engine</Filter>
    </ClCompile>
    <ClCompile Include="crypto\engine\tb_cipher.c">
      <Filter>Source Files\crypto\engine</Filter>
    </ClCompile>
    <ClCompile Include="crypto\engine\tb_dh.c">
      <Filter>Source Files\crypto\engine</Filter>
    </ClCompile>
    <ClCompile Include="crypto\engine\tb_digest.c">
      <Filter>Source Files\crypto\engine</Filter>
    </ClCompile>
    <ClCompile Include="crypto\engine\tb_dsa.c">
      <Filter>Source Files\crypto\engine</Filter>
    </ClCompile>
    <ClCompile Include="crypto\engine\tb_ecdh.c">
      <Filter>Source Files\crypto\engine</Filter>
    </ClCompile>
    <ClCompile Include="crypto\engine\tb_ecdsa.c">
      <Filter>Source Files\crypto\engine</Filter>
    </ClCompile>
    <ClCompile Include="crypto\engine\tb_pkmeth.c">
      <Filter>Source Files\crypto\engine</Filter>
    </ClCompile>
    <ClCompile Include="crypto\engine\tb_rand.c">
      <Filter>Source Files\crypto\engine</Filter>
    </ClCompile>
    <ClCompile Include="crypto\engine\tb_rsa.c">
      <Filter>Source Files\crypto\engine</Filter>
    </ClCompile>
    <ClCompile Include="crypto\engine\tb_store.c">
      <Filter>Source Files\crypto\engine</Filter>
    </ClCompile>
    <ClCompile Include="crypto\err\err_prn.c">
      <Filter>Source Files\crypto\err</Filter>
    </ClCompile>
    <ClCompile Include="crypto\err\err.c">
      <Filter>Source Files\crypto\err</Filter>
    </ClCompile>
    <ClCompile Include="crypto\err\err_all.c">
      <Filter>Source Files\crypto\err</Filter>
    </ClCompile>
    <ClCompile Include="crypto\evp\bio_b64.c">
      <Filter>Source Files\crypto\evp</Filter>
    </ClCompile>
    <ClCompile Include="crypto\evp\bio_enc.c">
      <Filter>Source Files\crypto\evp</Filter>
    </ClCompile>
    <ClCompile Include="crypto\evp\bio_md.c">
      <Filter>Source Files\crypto\evp</Filter>
    </ClCompile>
    <ClCompile Include="crypto\evp\bio_ok.c">
      <Filter>Source Files\crypto\evp</Filter>
    </ClCompile>
    <ClCompile Include="crypto\evp\c_all.c">
      <Filter>Source Files\crypto\evp</Filter>
    </ClCompile>
    <ClCompile Include="crypto\evp\c_allc.c">
      <Filter>Source Files\crypto\evp</Filter>
    </ClCompile>
    <ClCompile Include="crypto\evp\c_alld.c">
      <Filter>Source Files\crypto\evp</Filter>
    </ClCompile>
    <ClCompile Include="crypto\evp\digest.c">
      <Filter>Source Files\crypto\evp</Filter>
    </ClCompile>
    <ClCompile Include="crypto\evp\e_aes.c">
      <Filter>Source Files\crypto\evp</Filter>
    </ClCompile>
    <ClCompile Include="crypto\evp\e_bf.c">
      <Filter>Source Files\crypto\evp</Filter>
    </ClCompile>
    <ClCompile Include="crypto\evp\e_camellia.c">
      <Filter>Source Files\crypto\evp</Filter>
    </ClCompile>
    <ClCompile Include="crypto\evp\e_cast.c">
      <Filter>Source Files\crypto\evp</Filter>
    </ClCompile>
    <ClCompile Include="crypto\evp\e_des3.c">
      <Filter>Source Files\crypto\evp</Filter>
    </ClCompile>
    <ClCompile Include="crypto\evp\e_des.c">
      <Filter>Source Files\crypto\evp</Filter>
    </ClCompile>
    <ClCompile Include="crypto\evp\e_idea.c">
      <Filter>Source Files\crypto\evp</Filter>
    </ClCompile>
    <ClCompile Include="crypto\evp\e_null.c">
      <Filter>Source Files\crypto\evp</Filter>
    </ClCompile>
    <ClCompile Include="crypto\evp\e_old.c">
      <Filter>Source Files\crypto\evp</Filter>
    </ClCompile>
    <ClCompile Include="crypto\evp\e_rc2.c">
      <Filter>Source Files\crypto\evp</Filter>
    </ClCompile>
    <ClCompile Include="crypto\evp\e_rc4.c">
      <Filter>Source Files\crypto\evp</Filter>
    </ClCompile>
    <ClCompile Include="crypto\evp\e_rc5.c">
      <Filter>Source Files\crypto\evp</Filter>
    </ClCompile>
    <ClCompile Include="crypto\evp\e_seed.c">
      <Filter>Source Files\crypto\evp</Filter>
    </ClCompile>
    <ClCompile Include="crypto\evp\e_xcbc_d.c">
      <Filter>Source Files\crypto\evp</Filter>
    </ClCompile>
    <ClCompile Include="crypto\evp\encode.c">
      <Filter>Source Files\crypto\evp</Filter>
    </ClCompile>
    <ClCompile Include="crypto\evp\evp_acnf.c">
      <Filter>Source Files\crypto\evp</Filter>
    </ClCompile>
    <ClCompile Include="crypto\evp\evp_cnf.c">
      <Filter>Source Files\crypto\evp</Filter>
    </ClCompile>
    <ClCompile Include="crypto\evp\evp_enc.c">
      <Filter>Source Files\crypto\evp</Filter>
    </ClCompile>
    <ClCompile Include="crypto\evp\evp_err.c">
      <Filter>Source Files\crypto\evp</Filter>
    </ClCompile>
    <ClCompile Include="crypto\evp\evp_key.c">
      <Filter>Source Files\crypto\evp</Filter>
    </ClCompile>
    <ClCompile Include="crypto\evp\evp_lib.c">
      <Filter>Source Files\crypto\evp</Filter>
    </ClCompile>
    <ClCompile Include="crypto\evp\evp_pkey.c">
      <Filter>Source Files\crypto\evp</Filter>
    </ClCompile>
    <ClCompile Include="crypto\evp\m_dss1.c">
      <Filter>Source Files\crypto\evp</Filter>
    </ClCompile>
    <ClCompile Include="crypto\evp\m_dss.c">
      <Filter>Source Files\crypto\evp</Filter>
    </ClCompile>
    <ClCompile Include="crypto\evp\m_ecdsa.c">
      <Filter>Source Files\crypto\evp</Filter>
    </ClCompile>
    <ClCompile Include="crypto\evp\m_md2.c">
      <Filter>Source Files\crypto\evp</Filter>
    </ClCompile>
    <ClCompile Include="crypto\evp\m_md4.c">
      <Filter>Source Files\crypto\evp</Filter>
    </ClCompile>
    <ClCompile Include="crypto\evp\m_md5.c">
      <Filter>Source Files\crypto\evp</Filter>
    </ClCompile>
    <ClCompile Include="crypto\evp\m_mdc2.c">
      <Filter>Source Files\crypto\evp</Filter>
    </ClCompile>
    <ClCompile Include="crypto\evp\m_null.c">
      <Filter>Source Files\crypto\evp</Filter>
    </ClCompile>
    <ClCompile Include="crypto\evp\m_ripemd.c">
      <Filter>Source Files\crypto\evp</Filter>
    </ClCompile>
    <ClCompile Include="crypto\evp\m_sha1.c">
      <Filter>Source Files\crypto\evp</Filter>
    </ClCompile>
    <ClCompile Include="crypto\evp\m_sha.c">
      <Filter>Source Files\crypto\evp</Filter>
    </ClCompile>
    <ClCompile Include="crypto\evp\m_sigver.c">
      <Filter>Source Files\crypto\evp</Filter>
    </ClCompile>
    <ClCompile Include="crypto\evp\m_wp.c">
      <Filter>Source Files\crypto\evp</Filter>
    </ClCompile>
    <ClCompile Include="crypto\evp\names.c">
      <Filter>Source Files\crypto\evp</Filter>
    </ClCompile>
    <ClCompile Include="crypto\evp\p5_crpt2.c">
      <Filter>Source Files\crypto\evp</Filter>
    </ClCompile>
    <ClCompile Include="crypto\evp\p5_crpt.c">
      <Filter>Source Files\crypto\evp</Filter>
    </ClCompile>
    <ClCompile Include="crypto\evp\p_dec.c">
      <Filter>Source Files\crypto\evp</Filter>
    </ClCompile>
    <ClCompile Include="crypto\evp\p_enc.c">
      <Filter>Source Files\crypto\evp</Filter>
    </ClCompile>
    <ClCompile Include="crypto\evp\p_lib.c">
      <Filter>Source Files\crypto\evp</Filter>
    </ClCompile>
    <ClCompile Include="crypto\evp\p_open.c">
      <Filter>Source Files\crypto\evp</Filter>
    </ClCompile>
    <ClCompile Include="crypto\evp\p_seal.c">
      <Filter>Source Files\crypto\evp</Filter>
    </ClCompile>
    <ClCompile Include="crypto\evp\p_sign.c">
      <Filter>Source Files\crypto\evp</Filter>
    </ClCompile>
    <ClCompile Include="crypto\evp\p_verify.c">
      <Filter>Source Files\crypto\evp</Filter>
    </ClCompile>
    <ClCompile Include="crypto\evp\pmeth_fn.c">
      <Filter>Source Files\crypto\evp</Filter>
    </ClCompile>
    <ClCompile Include="crypto\evp\pmeth_gn.c">
      <Filter>Source Files\crypto\evp</Filter>
    </ClCompile>
    <ClCompile Include="crypto\evp\pmeth_lib.c">
      <Filter>Source Files\crypto\evp</Filter>
    </ClCompile>
    <ClCompile Include="crypto\hmac\hm_ameth.c">
      <Filter>Source Files\crypto\hmac</Filter>
    </ClCompile>
    <ClCompile Include="crypto\hmac\hm_pmeth.c">
      <Filter>Source Files\crypto\hmac</Filter>
    </ClCompile>
    <ClCompile Include="crypto\hmac\hmac.c">
      <Filter>Source Files\crypto\hmac</Filter>
    </ClCompile>
    <ClCompile Include="crypto\idea\i_cbc.c">
      <Filter>Source Files\crypto\idea</Filter>
    </ClCompile>
    <ClCompile Include="crypto\idea\i_cfb64.c">
      <Filter>Source Files\crypto\idea</Filter>
    </ClCompile>
    <ClCompile Include="crypto\idea\i_ecb.c">
      <Filter>Source Files\crypto\idea</Filter>
    </ClCompile>
    <ClCompile Include="crypto\idea\i_ofb64.c">
      <Filter>Source Files\crypto\idea</Filter>
    </ClCompile>
    <ClCompile Include="crypto\idea\i_skey.c">
      <Filter>Source Files\crypto\idea</Filter>
    </ClCompile>
    <ClCompile Include="crypto\lhash\lhash.c">
      <Filter>Source Files\crypto\lhash</Filter>
    </ClCompile>
    <ClCompile Include="crypto\lhash\lh_stats.c">
      <Filter>Source Files\crypto\lhash</Filter>
    </ClCompile>
    <ClCompile Include="crypto\md4\md4_dgst.c">
      <Filter>Source Files\crypto\md4</Filter>
    </ClCompile>
    <ClCompile Include="crypto\md4\md4_one.c">
      <Filter>Source Files\crypto\md4</Filter>
    </ClCompile>
    <ClCompile Include="crypto\md5\md5_dgst.c">
      <Filter>Source Files\crypto\md5</Filter>
    </ClCompile>
    <ClCompile Include="crypto\md5\md5_one.c">
      <Filter>Source Files\crypto\md5</Filter>
    </ClCompile>
    <ClCompile Include="crypto\mdc2\mdc2_one.c">
      <Filter>Source Files\crypto\mdc2</Filter>
    </ClCompile>
    <ClCompile Include="crypto\mdc2\mdc2dgst.c">
      <Filter>Source Files\crypto\mdc2</Filter>
    </ClCompile>
    <ClCompile Include="crypto\modes\ofb128.c">
      <Filter>Source Files\crypto\modes</Filter>
    </ClCompile>
    <ClCompile Include="crypto\modes\cbc128.c">
      <Filter>Source Files\crypto\modes</Filter>
    </ClCompile>
    <ClCompile Include="crypto\modes\cfb128.c">
      <Filter>Source Files\crypto\modes</Filter>
    </ClCompile>
    <ClCompile Include="crypto\modes\ctr128.c">
      <Filter>Source Files\crypto\modes</Filter>
    </ClCompile>
    <ClCompile Include="crypto\objects\o_names.c">
      <Filter>Source Files\crypto\objects</Filter>
    </ClCompile>
    <ClCompile Include="crypto\objects\obj_dat.c">
      <Filter>Source Files\crypto\objects</Filter>
    </ClCompile>
    <ClCompile Include="crypto\objects\obj_err.c">
      <Filter>Source Files\crypto\objects</Filter>
    </ClCompile>
    <ClCompile Include="crypto\objects\obj_lib.c">
      <Filter>Source Files\crypto\objects</Filter>
    </ClCompile>
    <ClCompile Include="crypto\objects\obj_xref.c">
      <Filter>Source Files\crypto\objects</Filter>
    </ClCompile>
    <ClCompile Include="crypto\ocsp\ocsp_asn.c">
      <Filter>Source Files\crypto\ocsp</Filter>
    </ClCompile>
    <ClCompile Include="crypto\ocsp\ocsp_cl.c">
      <Filter>Source Files\crypto\ocsp</Filter>
    </ClCompile>
    <ClCompile Include="crypto\ocsp\ocsp_err.c">
      <Filter>Source Files\crypto\ocsp</Filter>
    </ClCompile>
    <ClCompile Include="crypto\ocsp\ocsp_ext.c">
      <Filter>Source Files\crypto\ocsp</Filter>
    </ClCompile>
    <ClCompile Include="crypto\ocsp\ocsp_ht.c">
      <Filter>Source Files\crypto\ocsp</Filter>
    </ClCompile>
    <ClCompile Include="crypto\ocsp\ocsp_lib.c">
      <Filter>Source Files\crypto\ocsp</Filter>
    </ClCompile>
    <ClCompile Include="crypto\ocsp\ocsp_prn.c">
      <Filter>Source Files\crypto\ocsp</Filter>
    </ClCompile>
    <ClCompile Include="crypto\ocsp\ocsp_srv.c">
      <Filter>Source Files\crypto\ocsp</Filter>
    </ClCompile>
    <ClCompile Include="crypto\ocsp\ocsp_vfy.c">
      <Filter>Source Files\crypto\ocsp</Filter>
    </ClCompile>
    <ClCompile Include="crypto\pem\pvkfmt.c">
      <Filter>Source Files\crypto\pem</Filter>
    </ClCompile>
    <ClCompile Include="crypto\pem\pem_all.c">
      <Filter>Source Files\crypto\pem</Filter>
    </ClCompile>
    <ClCompile Include="crypto\pem\pem_err.c">
      <Filter>Source Files\crypto\pem</Filter>
    </ClCompile>
    <ClCompile Include="crypto\pem\pem_info.c">
      <Filter>Source Files\crypto\pem</Filter>
    </ClCompile>
    <ClCompile Include="crypto\pem\pem_lib.c">
      <Filter>Source Files\crypto\pem</Filter>
    </ClCompile>
    <ClCompile Include="crypto\pem\pem_oth.c">
      <Filter>Source Files\crypto\pem</Filter>
    </ClCompile>
    <ClCompile Include="crypto\pem\pem_pk8.c">
      <Filter>Source Files\crypto\pem</Filter>
    </ClCompile>
    <ClCompile Include="crypto\pem\pem_pkey.c">
      <Filter>Source Files\crypto\pem</Filter>
    </ClCompile>
    <ClCompile Include="crypto\pem\pem_seal.c">
      <Filter>Source Files\crypto\pem</Filter>
    </ClCompile>
    <ClCompile Include="crypto\pem\pem_sign.c">
      <Filter>Source Files\crypto\pem</Filter>
    </ClCompile>
    <ClCompile Include="crypto\pem\pem_x509.c">
      <Filter>Source Files\crypto\pem</Filter>
    </ClCompile>
    <ClCompile Include="crypto\pem\pem_xaux.c">
      <Filter>Source Files\crypto\pem</Filter>
    </ClCompile>
    <ClCompile Include="crypto\pkcs12\pk12err.c">
      <Filter>Source Files\crypto\pkcs12</Filter>
    </ClCompile>
    <ClCompile Include="crypto\pkcs12\p12_add.c">
      <Filter>Source Files\crypto\pkcs12</Filter>
    </ClCompile>
    <ClCompile Include="crypto\pkcs12\p12_asn.c">
      <Filter>Source Files\crypto\pkcs12</Filter>
    </ClCompile>
    <ClCompile Include="crypto\pkcs12\p12_attr.c">
      <Filter>Source Files\crypto\pkcs12</Filter>
    </ClCompile>
    <ClCompile Include="crypto\pkcs12\p12_crpt.c">
      <Filter>Source Files\crypto\pkcs12</Filter>
    </ClCompile>
    <ClCompile Include="crypto\pkcs12\p12_crt.c">
      <Filter>Source Files\crypto\pkcs12</Filter>
    </ClCompile>
    <ClCompile Include="crypto\pkcs12\p12_decr.c">
      <Filter>Source Files\crypto\pkcs12</Filter>
    </ClCompile>
    <ClCompile Include="crypto\pkcs12\p12_init.c">
      <Filter>Source Files\crypto\pkcs12</Filter>
    </ClCompile>
    <ClCompile Include="crypto\pkcs12\p12_key.c">
      <Filter>Source Files\crypto\pkcs12</Filter>
    </ClCompile>
    <ClCompile Include="crypto\pkcs12\p12_kiss.c">
      <Filter>Source Files\crypto\pkcs12</Filter>
    </ClCompile>
    <ClCompile Include="crypto\pkcs12\p12_mutl.c">
      <Filter>Source Files\crypto\pkcs12</Filter>
    </ClCompile>
    <ClCompile Include="crypto\pkcs12\p12_npas.c">
      <Filter>Source Files\crypto\pkcs12</Filter>
    </ClCompile>
    <ClCompile Include="crypto\pkcs12\p12_p8d.c">
      <Filter>Source Files\crypto\pkcs12</Filter>
    </ClCompile>
    <ClCompile Include="crypto\pkcs12\p12_p8e.c">
      <Filter>Source Files\crypto\pkcs12</Filter>
    </ClCompile>
    <ClCompile Include="crypto\pkcs12\p12_utl.c">
      <Filter>Source Files\crypto\pkcs12</Filter>
    </ClCompile>
    <ClCompile Include="crypto\pkcs7\bio_pk7.c">
      <Filter>Source Files\crypto\pkcs7</Filter>
    </ClCompile>
    <ClCompile Include="crypto\pkcs7\pk7_asn1.c">
      <Filter>Source Files\crypto\pkcs7</Filter>
    </ClCompile>
    <ClCompile Include="crypto\pkcs7\pk7_attr.c">
      <Filter>Source Files\crypto\pkcs7</Filter>
    </ClCompile>
    <ClCompile Include="crypto\pkcs7\pk7_dgst.c">
      <Filter>Source Files\crypto\pkcs7</Filter>
    </ClCompile>
    <ClCompile Include="crypto\pkcs7\pk7_doit.c">
      <Filter>Source Files\crypto\pkcs7</Filter>
    </ClCompile>
    <ClCompile Include="crypto\pkcs7\pk7_lib.c">
      <Filter>Source Files\crypto\pkcs7</Filter>
    </ClCompile>
    <ClCompile Include="crypto\pkcs7\pk7_mime.c">
      <Filter>Source Files\crypto\pkcs7</Filter>
    </ClCompile>
    <ClCompile Include="crypto\pkcs7\pk7_smime.c">
      <Filter>Source Files\crypto\pkcs7</Filter>
    </ClCompile>
    <ClCompile Include="crypto\pkcs7\pkcs7err.c">
      <Filter>Source Files\crypto\pkcs7</Filter>
    </ClCompile>
    <ClCompile Include="crypto\pqueue\pqueue.c">
      <Filter>Source Files\crypto\pqueue</Filter>
    </ClCompile>
    <ClCompile Include="crypto\rand\md_rand.c">
      <Filter>Source Files\crypto\rand</Filter>
    </ClCompile>
    <ClCompile Include="crypto\rand\rand_egd.c">
      <Filter>Source Files\crypto\rand</Filter>
    </ClCompile>
    <ClCompile Include="crypto\rand\rand_err.c">
      <Filter>Source Files\crypto\rand</Filter>
    </ClCompile>
    <ClCompile Include="crypto\rand\rand_lib.c">
      <Filter>Source Files\crypto\rand</Filter>
    </ClCompile>
    <ClCompile Include="crypto\rand\rand_win.c">
      <Filter>Source Files\crypto\rand</Filter>
    </ClCompile>
    <ClCompile Include="crypto\rand\randfile.c">
      <Filter>Source Files\crypto\rand</Filter>
    </ClCompile>
    <ClCompile Include="crypto\rc2\rc2_cbc.c">
      <Filter>Source Files\crypto\rc2</Filter>
    </ClCompile>
    <ClCompile Include="crypto\rc2\rc2_ecb.c">
      <Filter>Source Files\crypto\rc2</Filter>
    </ClCompile>
    <ClCompile Include="crypto\rc2\rc2_skey.c">
      <Filter>Source Files\crypto\rc2</Filter>
    </ClCompile>
    <ClCompile Include="crypto\rc2\rc2cfb64.c">
      <Filter>Source Files\crypto\rc2</Filter>
    </ClCompile>
    <ClCompile Include="crypto\rc2\rc2ofb64.c">
      <Filter>Source Files\crypto\rc2</Filter>
    </ClCompile>
    <ClCompile Include="crypto\rc4\rc4_enc.c">
      <Filter>Source Files\crypto\rc4</Filter>
    </ClCompile>
    <ClCompile Include="crypto\rc4\rc4_skey.c">
      <Filter>Source Files\crypto\rc4</Filter>
    </ClCompile>
    <ClCompile Include="crypto\ripemd\rmd_dgst.c">
      <Filter>Source Files\crypto\ripemd</Filter>
    </ClCompile>
    <ClCompile Include="crypto\ripemd\rmd_one.c">
      <Filter>Source Files\crypto\ripemd</Filter>
    </ClCompile>
    <ClCompile Include="crypto\seed\seed.c">
      <Filter>Source Files\crypto\seed</Filter>
    </ClCompile>
    <ClCompile Include="crypto\seed\seed_cbc.c">
      <Filter>Source Files\crypto\seed</Filter>
    </ClCompile>
    <ClCompile Include="crypto\seed\seed_cfb.c">
      <Filter>Source Files\crypto\seed</Filter>
    </ClCompile>
    <ClCompile Include="crypto\seed\seed_ecb.c">
      <Filter>Source Files\crypto\seed</Filter>
    </ClCompile>
    <ClCompile Include="crypto\seed\seed_ofb.c">
      <Filter>Source Files\crypto\seed</Filter>
    </ClCompile>
    <ClCompile Include="crypto\sha\sha1_one.c">
      <Filter>Source Files\crypto\sha</Filter>
    </ClCompile>
    <ClCompile Include="crypto\sha\sha1dgst.c">
      <Filter>Source Files\crypto\sha</Filter>
    </ClCompile>
    <ClCompile Include="crypto\sha\sha256.c">
      <Filter>Source Files\crypto\sha</Filter>
    </ClCompile>
    <ClCompile Include="crypto\sha\sha512.c">
      <Filter>Source Files\crypto\sha</Filter>
    </ClCompile>
    <ClCompile Include="crypto\sha\sha_dgst.c">
      <Filter>Source Files\crypto\sha</Filter>
    </ClCompile>
    <ClCompile Include="crypto\sha\sha_one.c">
      <Filter>Source Files\crypto\sha</Filter>
    </ClCompile>
    <ClCompile Include="crypto\stack\stack.c">
      <Filter>Source Files\crypto\stack</Filter>
    </ClCompile>
    <ClCompile Include="crypto\threads\th-lock.c">
      <Filter>Source Files\crypto\threads</Filter>
    </ClCompile>
    <ClCompile Include="crypto\ts\ts_verify_ctx.c">
      <Filter>Source Files\crypto\ts</Filter>
    </ClCompile>
    <ClCompile Include="crypto\ts\ts_asn1.c">
      <Filter>Source Files\crypto\ts</Filter>
    </ClCompile>
    <ClCompile Include="crypto\ts\ts_conf.c">
      <Filter>Source Files\crypto\ts</Filter>
    </ClCompile>
    <ClCompile Include="crypto\ts\ts_err.c">
      <Filter>Source Files\crypto\ts</Filter>
    </ClCompile>
    <ClCompile Include="crypto\ts\ts_lib.c">
      <Filter>Source Files\crypto\ts</Filter>
    </ClCompile>
    <ClCompile Include="crypto\ts\ts_req_print.c">
      <Filter>Source Files\crypto\ts</Filter>
    </ClCompile>
    <ClCompile Include="crypto\ts\ts_req_utils.c">
      <Filter>Source Files\crypto\ts</Filter>
    </ClCompile>
    <ClCompile Include="crypto\ts\ts_rsp_print.c">
      <Filter>Source Files\crypto\ts</Filter>
    </ClCompile>
    <ClCompile Include="crypto\ts\ts_rsp_sign.c">
      <Filter>Source Files\crypto\ts</Filter>
    </ClCompile>
    <ClCompile Include="crypto\ts\ts_rsp_utils.c">
      <Filter>Source Files\crypto\ts</Filter>
    </ClCompile>
    <ClCompile Include="crypto\ts\ts_rsp_verify.c">
      <Filter>Source Files\crypto\ts</Filter>
    </ClCompile>
    <ClCompile Include="crypto\txt_db\txt_db.c">
      <Filter>Source Files\crypto\txt_db</Filter>
    </ClCompile>
    <ClCompile Include="crypto\ui\ui_util.c">
      <Filter>Source Files\crypto\ui</Filter>
    </ClCompile>
    <ClCompile Include="crypto\ui\ui_compat.c">
      <Filter>Source Files\crypto\ui</Filter>
    </ClCompile>
    <ClCompile Include="crypto\ui\ui_err.c">
      <Filter>Source Files\crypto\ui</Filter>
    </ClCompile>
    <ClCompile Include="crypto\ui\ui_lib.c">
      <Filter>Source Files\crypto\ui</Filter>
    </ClCompile>
    <ClCompile Include="crypto\ui\ui_openssl.c">
      <Filter>Source Files\crypto\ui</Filter>
    </ClCompile>
    <ClCompile Include="crypto\whrlpool\wp_block.c">
      <Filter>Source Files\crypto\whrlpool</Filter>
    </ClCompile>
    <ClCompile Include="crypto\whrlpool\wp_dgst.c">
      <Filter>Source Files\crypto\whrlpool</Filter>
    </ClCompile>
    <ClCompile Include="crypto\x509\by_dir.c">
      <Filter>Source Files\crypto\x509</Filter>
    </ClCompile>
    <ClCompile Include="crypto\x509\by_file.c">
      <Filter>Source Files\crypto\x509</Filter>
    </ClCompile>
    <ClCompile Include="crypto\x509\x509_att.c">
      <Filter>Source Files\crypto\x509</Filter>
    </ClCompile>
    <ClCompile Include="crypto\x509\x509_cmp.c">
      <Filter>Source Files\crypto\x509</Filter>
    </ClCompile>
    <ClCompile Include="crypto\x509\x509_d2.c">
      <Filter>Source Files\crypto\x509</Filter>
    </ClCompile>
    <ClCompile Include="crypto\x509\x509_def.c">
      <Filter>Source Files\crypto\x509</Filter>
    </ClCompile>
    <ClCompile Include="crypto\x509\x509_err.c">
      <Filter>Source Files\crypto\x509</Filter>
    </ClCompile>
    <ClCompile Include="crypto\x509\x509_ext.c">
      <Filter>Source Files\crypto\x509</Filter>
    </ClCompile>
    <ClCompile Include="crypto\x509\x509_lu.c">
      <Filter>Source Files\crypto\x509</Filter>
    </ClCompile>
    <ClCompile Include="crypto\x509\x509_obj.c">
      <Filter>Source Files\crypto\x509</Filter>
    </ClCompile>
    <ClCompile Include="crypto\x509\x509_r2x.c">
      <Filter>Source Files\crypto\x509</Filter>
    </ClCompile>
    <ClCompile Include="crypto\x509\x509_req.c">
      <Filter>Source Files\crypto\x509</Filter>
    </ClCompile>
    <ClCompile Include="crypto\x509\x509_set.c">
      <Filter>Source Files\crypto\x509</Filter>
    </ClCompile>
    <ClCompile Include="crypto\x509\x509_trs.c">
      <Filter>Source Files\crypto\x509</Filter>
    </ClCompile>
    <ClCompile Include="crypto\x509\x509_txt.c">
      <Filter>Source Files\crypto\x509</Filter>
    </ClCompile>
    <ClCompile Include="crypto\x509\x509_v3.c">
      <Filter>Source Files\crypto\x509</Filter>
    </ClCompile>
    <ClCompile Include="crypto\x509\x509_vfy.c">
      <Filter>Source Files\crypto\x509</Filter>
    </ClCompile>
    <ClCompile Include="crypto\x509\x509_vpm.c">
      <Filter>Source Files\crypto\x509</Filter>
    </ClCompile>
    <ClCompile Include="crypto\x509\x509cset.c">
      <Filter>Source Files\crypto\x509</Filter>
    </ClCompile>
    <ClCompile Include="crypto\x509\x509name.c">
      <Filter>Source Files\crypto\x509</Filter>
    </ClCompile>
    <ClCompile Include="crypto\x509\x509rset.c">
      <Filter>Source Files\crypto\x509</Filter>
    </ClCompile>
    <ClCompile Include="crypto\x509\x509spki.c">
      <Filter>Source Files\crypto\x509</Filter>
    </ClCompile>
    <ClCompile Include="crypto\x509\x509type.c">
      <Filter>Source Files\crypto\x509</Filter>
    </ClCompile>
    <ClCompile Include="crypto\x509\x_all.c">
      <Filter>Source Files\crypto\x509</Filter>
    </ClCompile>
    <ClCompile Include="crypto\x509v3\pcy_cache.c">
      <Filter>Source Files\crypto\x509v3</Filter>
    </ClCompile>
    <ClCompile Include="crypto\x509v3\pcy_data.c">
      <Filter>Source Files\crypto\x509v3</Filter>
    </ClCompile>
    <ClCompile Include="crypto\x509v3\pcy_lib.c">
      <Filter>Source Files\crypto\x509v3</Filter>
    </ClCompile>
    <ClCompile Include="crypto\x509v3\pcy_map.c">
      <Filter>Source Files\crypto\x509v3</Filter>
    </ClCompile>
    <ClCompile Include="crypto\x509v3\pcy_node.c">
      <Filter>Source Files\crypto\x509v3</Filter>
    </ClCompile>
    <ClCompile Include="crypto\x509v3\pcy_tree.c">
      <Filter>Source Files\crypto\x509v3</Filter>
    </ClCompile>
    <ClCompile Include="crypto\x509v3\v3_addr.c">
      <Filter>Source Files\crypto\x509v3</Filter>
    </ClCompile>
    <ClCompile Include="crypto\x509v3\v3_akey.c">
      <Filter>Source Files\crypto\x509v3</Filter>
    </ClCompile>
    <ClCompile Include="crypto\x509v3\v3_akeya.c">
      <Filter>Source Files\crypto\x509v3</Filter>
    </ClCompile>
    <ClCompile Include="crypto\x509v3\v3_alt.c">
      <Filter>Source Files\crypto\x509v3</Filter>
    </ClCompile>
    <ClCompile Include="crypto\x509v3\v3_asid.c">
      <Filter>Source Files\crypto\x509v3</Filter>
    </ClCompile>
    <ClCompile Include="crypto\x509v3\v3_bcons.c">
      <Filter>Source Files\crypto\x509v3</Filter>
    </ClCompile>
    <ClCompile Include="crypto\x509v3\v3_bitst.c">
      <Filter>Source Files\crypto\x509v3</Filter>
    </ClCompile>
    <ClCompile Include="crypto\x509v3\v3_conf.c">
      <Filter>Source Files\crypto\x509v3</Filter>
    </ClCompile>
    <ClCompile Include="crypto\x509v3\v3_cpols.c">
      <Filter>Source Files\crypto\x509v3</Filter>
    </ClCompile>
    <ClCompile Include="crypto\x509v3\v3_crld.c">
      <Filter>Source Files\crypto\x509v3</Filter>
    </ClCompile>
    <ClCompile Include="crypto\x509v3\v3_enum.c">
      <Filter>Source Files\crypto\x509v3</Filter>
    </ClCompile>
    <ClCompile Include="crypto\x509v3\v3_extku.c">
      <Filter>Source Files\crypto\x509v3</Filter>
    </ClCompile>
    <ClCompile Include="crypto\x509v3\v3_genn.c">
      <Filter>Source Files\crypto\x509v3</Filter>
    </ClCompile>
    <ClCompile Include="crypto\x509v3\v3_ia5.c">
      <Filter>Source Files\crypto\x509v3</Filter>
    </ClCompile>
    <ClCompile Include="crypto\x509v3\v3_info.c">
      <Filter>Source Files\crypto\x509v3</Filter>
    </ClCompile>
    <ClCompile Include="crypto\x509v3\v3_int.c">
      <Filter>Source Files\crypto\x509v3</Filter>
    </ClCompile>
    <ClCompile Include="crypto\x509v3\v3_lib.c">
      <Filter>Source Files\crypto\x509v3</Filter>
    </ClCompile>
    <ClCompile Include="crypto\x509v3\v3_ncons.c">
      <Filter>Source Files\crypto\x509v3</Filter>
    </ClCompile>
    <ClCompile Include="crypto\x509v3\v3_ocsp.c">
      <Filter>Source Files\crypto\x509v3</Filter>
    </ClCompile>
    <ClCompile Include="crypto\x509v3\v3_pci.c">
      <Filter>Source Files\crypto\x509v3</Filter>
    </ClCompile>
    <ClCompile Include="crypto\x509v3\v3_pcia.c">
      <Filter>Source Files\crypto\x509v3</Filter>
    </ClCompile>
    <ClCompile Include="crypto\x509v3\v3_pcons.c">
      <Filter>Source Files\crypto\x509v3</Filter>
    </ClCompile>
    <ClCompile Include="crypto\x509v3\v3_pku.c">
      <Filter>Source Files\crypto\x509v3</Filter>
    </ClCompile>
    <ClCompile Include="crypto\x509v3\v3_pmaps.c">
      <Filter>Source Files\crypto\x509v3</Filter>
    </ClCompile>
    <ClCompile Include="crypto\x509v3\v3_prn.c">
      <Filter>Source Files\crypto\x509v3</Filter>
    </ClCompile>
    <ClCompile Include="crypto\x509v3\v3_purp.c">
      <Filter>Source Files\crypto\x509v3</Filter>
    </ClCompile>
    <ClCompile Include="crypto\x509v3\v3_skey.c">
      <Filter>Source Files\crypto\x509v3</Filter>
    </ClCompile>
    <ClCompile Include="crypto\x509v3\v3_sxnet.c">
      <Filter>Source Files\crypto\x509v3</Filter>
    </ClCompile>
    <ClCompile Include="crypto\x509v3\v3_utl.c">
      <Filter>Source Files\crypto\x509v3</Filter>
    </ClCompile>
    <ClCompile Include="crypto\x509v3\v3err.c">
      <Filter>Source Files\crypto\x509v3</Filter>
    </ClCompile>
    <ClCompile Include="crypto\rsa\rsa_ameth.c">
      <Filter>Source Files\crypto\rsa</Filter>
    </ClCompile>
    <ClCompile Include="crypto\rsa\rsa_x931.c">
      <Filter>Source Files\crypto\rsa</Filter>
    </ClCompile>
    <ClCompile Include="crypto\rsa\rsa_asn1.c">
      <Filter>Source Files\crypto\rsa</Filter>
    </ClCompile>
    <ClCompile Include="crypto\rsa\rsa_chk.c">
      <Filter>Source Files\crypto\rsa</Filter>
    </ClCompile>
    <ClCompile Include="crypto\rsa\rsa_depr.c">
      <Filter>Source Files\crypto\rsa</Filter>
    </ClCompile>
    <ClCompile Include="crypto\rsa\rsa_eay.c">
      <Filter>Source Files\crypto\rsa</Filter>
    </ClCompile>
    <ClCompile Include="crypto\rsa\rsa_err.c">
      <Filter>Source Files\crypto\rsa</Filter>
    </ClCompile>
    <ClCompile Include="crypto\rsa\rsa_gen.c">
      <Filter>Source Files\crypto\rsa</Filter>
    </ClCompile>
    <ClCompile Include="crypto\rsa\rsa_lib.c">
      <Filter>Source Files\crypto\rsa</Filter>
    </ClCompile>
    <ClCompile Include="crypto\rsa\rsa_none.c">
      <Filter>Source Files\crypto\rsa</Filter>
    </ClCompile>
    <ClCompile Include="crypto\rsa\rsa_null.c">
      <Filter>Source Files\crypto\rsa</Filter>
    </ClCompile>
    <ClCompile Include="crypto\rsa\rsa_oaep.c">
      <Filter>Source Files\crypto\rsa</Filter>
    </ClCompile>
    <ClCompile Include="crypto\rsa\rsa_pk1.c">
      <Filter>Source Files\crypto\rsa</Filter>
    </ClCompile>
    <ClCompile Include="crypto\rsa\rsa_pmeth.c">
      <Filter>Source Files\crypto\rsa</Filter>
    </ClCompile>
    <ClCompile Include="crypto\rsa\rsa_prn.c">
      <Filter>Source Files\crypto\rsa</Filter>
    </ClCompile>
    <ClCompile Include="crypto\rsa\rsa_pss.c">
      <Filter>Source Files\crypto\rsa</Filter>
    </ClCompile>
    <ClCompile Include="crypto\rsa\rsa_saos.c">
      <Filter>Source Files\crypto\rsa</Filter>
    </ClCompile>
    <ClCompile Include="crypto\rsa\rsa_sign.c">
      <Filter>Source Files\crypto\rsa</Filter>
    </ClCompile>
    <ClCompile Include="crypto\rsa\rsa_ssl.c">
      <Filter>Source Files\crypto\rsa</Filter>
    </ClCompile>
    <ClCompile Include="crypto\dso\dso_null.c">
      <Filter>Source Files\crypto\dso</Filter>
    </ClCompile>
    <ClCompile Include="crypto\rsa\rsa_crpt.c">
      <Filter>Source Files\crypto\rsa</Filter>
    </ClCompile>
    <ClCompile Include="crypto\rc4\rc4_utl.c">
      <Filter>Source Files\crypto\rc4</Filter>
    </ClCompile>
    <ClCompile Include="ssl\tls_srp.c">
      <Filter>Source Files\ssl</Filter>
    </ClCompile>
    <ClCompile Include="crypto\buffer\buf_str.c">
      <Filter>Source Files\crypto\buffer</Filter>
    </ClCompile>
    <ClCompile Include="crypto\evp\e_aes_cbc_hmac_sha1.c">
      <Filter>Source Files\crypto\evp</Filter>
    </ClCompile>
    <ClCompile Include="crypto\o_init.c">
      <Filter>Source Files\crypto</Filter>
    </ClCompile>
    <ClCompile Include="crypto\ec\ec_oct.c">
      <Filter>Source Files\crypto\ec</Filter>
    </ClCompile>
    <ClCompile Include="crypto\srp\srp_lib.c">
      <Filter>Source Files\crypto\srp</Filter>
    </ClCompile>
    <ClCompile Include="crypto\srp\srp_vfy.c">
      <Filter>Source Files\crypto\srp</Filter>
    </ClCompile>
    <ClCompile Include="ssl\d1_srtp.c">
      <Filter>Source Files\ssl</Filter>
    </ClCompile>
    <ClCompile Include="crypto\camellia\cmll_utl.c">
      <Filter>Source Files\crypto\camellia</Filter>
    </ClCompile>
    <ClCompile Include="crypto\modes\xts128.c">
      <Filter>Source Files\crypto\modes</Filter>
    </ClCompile>
    <ClCompile Include="crypto\modes\ccm128.c">
      <Filter>Source Files\crypto\modes</Filter>
    </ClCompile>
    <ClCompile Include="crypto\cmac\cm_ameth.c">
      <Filter>Source Files\crypto\cmac</Filter>
    </ClCompile>
    <ClCompile Include="crypto\ec\ec2_oct.c">
      <Filter>Source Files\crypto\ec</Filter>
    </ClCompile>
    <ClCompile Include="crypto\ec\ecp_oct.c">
      <Filter>Source Files\crypto\ec</Filter>
    </ClCompile>
    <ClCompile Include="crypto\cmac\cm_pmeth.c">
      <Filter>Source Files\crypto\cmac</Filter>
    </ClCompile>
    <ClCompile Include="crypto\cmac\cmac.c">
      <Filter>Source Files\crypto\cmac</Filter>
    </ClCompile>
    <ClCompile Include="crypto\cms\cms_pwri.c">
      <Filter>Source Files\crypto\cms</Filter>
    </ClCompile>
    <ClCompile Include="crypto\evp\e_rc4_hmac_md5.c">
      <Filter>Source Files\ssl</Filter>
    </ClCompile>
    <ClCompile Include="crypto\evp\e_aes_cbc_hmac_sha256.c">
      <Filter>Source Files\crypto\evp</Filter>
    </ClCompile>
    <ClCompile Include="ssl\t1_ext.c">
      <Filter>Source Files\ssl</Filter>
    </ClCompile>
    <ClCompile Include="crypto\cms\cms_kari.c">
      <Filter>Source Files\crypto\cms</Filter>
    </ClCompile>
    <ClCompile Include="crypto\modes\wrap128.c">
      <Filter>Source Files\crypto\modes</Filter>
    </ClCompile>
    <ClCompile Include="crypto\ecdh\ech_kdf.c">
      <Filter>Source Files\crypto\ecdh</Filter>
    </ClCompile>
    <ClCompile Include="crypto\dh\dh_kdf.c">
      <Filter>Source Files\crypto\dh</Filter>
    </ClCompile>
    <ClCompile Include="crypto\x509v3\v3_scts.c">
      <Filter>Source Files\crypto\x509v3</Filter>
    </ClCompile>
    <ClCompile Include="crypto\dh\dh_rfc5114.c">
      <Filter>Source Files\crypto\dh</Filter>
    </ClCompile>
    <ClCompile Include="crypto\bn\bn_asm.c">
      <Filter>Source Files\crypto\bn</Filter>
    </ClCompile>
    <ClCompile Include="crypto\modes\gcm128.c">
      <Filter>Source Files\crypto</Filter>
    </ClCompile>
    <ClCompile Include="crypto\o_time.c">
      <Filter>Source Files\crypto</Filter>
    </ClCompile>
    <ClCompile Include="crypto\evp\evp_pbe.c">
      <Filter>Source Files\crypto</Filter>
    </ClCompile>
  </ItemGroup>
</Project>