<?xml version="1.0" encoding="utf-8"?>
<Project ToolsVersion="4.0" xmlns="http://schemas.microsoft.com/developer/msbuild/2003">
  <ItemGroup>
    <ClCompile Include="GdiImage.cpp">
      <Filter>Source Files</Filter>
    </ClCompile>
    <ClCompile Include="GDIImageOLE.cpp">
      <Filter>Source Files</Filter>
    </ClCompile>
    <ClCompile Include="stdafx.cpp">
      <Filter>Source Files</Filter>
    </ClCompile>
    <ClCompile Include="GdiOle_i.c">
      <Filter>Generated Files</Filter>
    </ClCompile>
  </ItemGroup>
  <ItemGroup>
    <ClInclude Include="GdiImage.h">
      <Filter>Header Files</Filter>
    </ClInclude>
    <ClInclude Include="GDIImageOle.h">
      <Filter>Header Files</Filter>
    </ClInclude>
    <ClInclude Include="Resource.h">
      <Filter>Header Files</Filter>
    </ClInclude>
    <ClInclude Include="stdafx.h">
      <Filter>Header Files</Filter>
    </ClInclude>
    <ClInclude Include="targetver.h">
      <Filter>Header Files</Filter>
    </ClInclude>
    <ClInclude Include="GdiOle_i.h">
      <Filter>Generated Files</Filter>
    </ClInclude>
  </ItemGroup>
  <ItemGroup>
    <Midl Include="GdiOle.idl" />
  </ItemGroup>
  <ItemGroup>
    <None Include="GdiOle.def" />
    <None Include="GDIImage.htm" />
    <None Include="ReadMe.txt" />
    <None Include="GDIImage.bmp">
      <Filter>Resource Files</Filter>
    </None>
    <None Include="GdiOle.rgs">
      <Filter>Resource Files</Filter>
    </None>
    <None Include="GDIImage.rgs">
      <Filter>Resource Files</Filter>
    </None>
  </ItemGroup>
  <ItemGroup>
    <Filter Include="Source Files">
      <UniqueIdentifier>{bce25693-b94c-4cd0-8486-430452fa3906}</UniqueIdentifier>
    </Filter>
    <Filter Include="Header Files">
      <UniqueIdentifier>{343c7002-97df-402e-86a3-17af8f2d1fd5}</UniqueIdentifier>
    </Filter>
    <Filter Include="Generated Files">
      <UniqueIdentifier>{6e8c5a28-a878-4095-b5f4-6ce79ffb37f5}</UniqueIdentifier>
    </Filter>
    <Filter Include="Resource Files">
      <UniqueIdentifier>{128b0e25-677b-4716-9ac8-07a2e9fc7ab8}</UniqueIdentifier>
    </Filter>
  </ItemGroup>
  <ItemGroup>
    <ResourceCompile Include="GdiOle.rc">
      <Filter>Resource Files</Filter>
    </ResourceCompile>
  </ItemGroup>
</Project>