<?xml version="1.0" encoding="utf-8"?>
<Project ToolsVersion="4.0" xmlns="http://schemas.microsoft.com/developer/msbuild/2003">
  <ItemGroup>
    <Filter Include="Source Files">
      <UniqueIdentifier>{4FC737F1-C7A5-4376-A066-2A32D752A2FF}</UniqueIdentifier>
      <Extensions>cpp;c;cc;cxx;def;odl;idl;hpj;bat;asm;asmx</Extensions>
    </Filter>
    <Filter Include="Header Files">
      <UniqueIdentifier>{93995380-89BD-4b04-88EB-625FBE52EBFB}</UniqueIdentifier>
      <Extensions>h;hpp;hxx;hm;inl;inc;xsd</Extensions>
    </Filter>
  </ItemGroup>
  <ItemGroup>
    <ClCompile Include="Source\ZenLib\Conf.cpp">
      <Filter>Source Files</Filter>
    </ClCompile>
    <ClCompile Include="Source\ZenLib\CriticalSection.cpp">
      <Filter>Source Files</Filter>
    </ClCompile>
    <ClCompile Include="Source\ZenLib\Dir.cpp">
      <Filter>Source Files</Filter>
    </ClCompile>
    <ClCompile Include="Source\ZenLib\File.cpp">
      <Filter>Source Files</Filter>
    </ClCompile>
    <ClCompile Include="Source\ZenLib\FileName.cpp">
      <Filter>Source Files</Filter>
    </ClCompile>
    <ClCompile Include="Source\ZenLib\InfoMap.cpp">
      <Filter>Source Files</Filter>
    </ClCompile>
    <ClCompile Include="Source\ZenLib\int128s.cpp">
      <Filter>Source Files</Filter>
    </ClCompile>
    <ClCompile Include="Source\ZenLib\int128u.cpp">
      <Filter>Source Files</Filter>
    </ClCompile>
    <ClCompile Include="Source\ZenLib\MemoryDebug.cpp">
      <Filter>Source Files</Filter>
    </ClCompile>
    <ClCompile Include="Source\ZenLib\OS_Utils.cpp">
      <Filter>Source Files</Filter>
    </ClCompile>
    <ClCompile Include="Source\ZenLib\Translation.cpp">
      <Filter>Source Files</Filter>
    </ClCompile>
    <ClCompile Include="Source\ZenLib\Utils.cpp">
      <Filter>Source Files</Filter>
    </ClCompile>
    <ClCompile Include="Source\ZenLib\Ztring.cpp">
      <Filter>Source Files</Filter>
    </ClCompile>
    <ClCompile Include="Source\ZenLib\ZtringList.cpp">
      <Filter>Source Files</Filter>
    </ClCompile>
    <ClCompile Include="Source\ZenLib\ZtringListList.cpp">
      <Filter>Source Files</Filter>
    </ClCompile>
    <ClCompile Include="Source\ZenLib\ZtringListListF.cpp">
      <Filter>Source Files</Filter>
    </ClCompile>
    <ClCompile Include="Source\ZenLib\Format\Http\Http_Utils.cpp">
      <Filter>Source Files</Filter>
    </ClCompile>
    <ClCompile Include="Source\ZenLib\PreComp.cpp">
      <Filter>Source Files</Filter>
    </ClCompile>
  </ItemGroup>
  <ItemGroup>
    <ClInclude Include="Source\ZenLib\BitStream.h">
      <Filter>Header Files</Filter>
    </ClInclude>
    <ClInclude Include="Source\ZenLib\BitStream_LE.h">
      <Filter>Header Files</Filter>
    </ClInclude>
    <ClInclude Include="Source\ZenLib\Conf.h">
      <Filter>Header Files</Filter>
    </ClInclude>
    <ClInclude Include="Source\ZenLib\CriticalSection.h">
      <Filter>Header Files</Filter>
    </ClInclude>
    <ClInclude Include="Source\ZenLib\Dir.h">
      <Filter>Header Files</Filter>
    </ClInclude>
    <ClInclude Include="Source\ZenLib\File.h">
      <Filter>Header Files</Filter>
    </ClInclude>
    <ClInclude Include="Source\ZenLib\FileName.h">
      <Filter>Header Files</Filter>
    </ClInclude>
    <ClInclude Include="Source\ZenLib\InfoMap.h">
      <Filter>Header Files</Filter>
    </ClInclude>
    <ClInclude Include="Source\ZenLib\int128s.h">
      <Filter>Header Files</Filter>
    </ClInclude>
    <ClInclude Include="Source\ZenLib\int128u.h">
      <Filter>Header Files</Filter>
    </ClInclude>
    <ClInclude Include="Source\ZenLib\MemoryDebug.h">
      <Filter>Header Files</Filter>
    </ClInclude>
    <ClInclude Include="Source\ZenLib\OS_Utils.h">
      <Filter>Header Files</Filter>
    </ClInclude>
    <ClInclude Include="Source\ZenLib\Trace.h">
      <Filter>Header Files</Filter>
    </ClInclude>
    <ClInclude Include="Source\ZenLib\Translation.h">
      <Filter>Header Files</Filter>
    </ClInclude>
    <ClInclude Include="Source\ZenLib\Utils.h">
      <Filter>Header Files</Filter>
    </ClInclude>
    <ClInclude Include="Source\ZenLib\Ztring.h">
      <Filter>Header Files</Filter>
    </ClInclude>
    <ClInclude Include="Source\ZenLib\ZtringList.h">
      <Filter>Header Files</Filter>
    </ClInclude>
    <ClInclude Include="Source\ZenLib\ZtringListList.h">
      <Filter>Header Files</Filter>
    </ClInclude>
    <ClInclude Include="Source\ZenLib\ZtringListListF.h">
      <Filter>Header Files</Filter>
    </ClInclude>
    <ClInclude Include="Source\ZenLib\Conf_Internal.h">
      <Filter>Header Files</Filter>
    </ClInclude>
    <ClInclude Include="Source\ZenLib\Format\Http\Http_Utils.h">
      <Filter>Header Files</Filter>
    </ClInclude>
    <ClInclude Include="Source\ZenLib\PreComp.h">
      <Filter>Header Files</Filter>
    </ClInclude>
    <ClInclude Include="Source\ZenLib\BitStream_Fast.h">
      <Filter>Header Files</Filter>
    </ClInclude>
  </ItemGroup>
</Project>